// !$*UTF8*$!
{
	archiveVersion = 1;
	classes = {
	};
	objectVersion = 56;
	objects = {

/* Begin PBXBuildFile section */
		2AC67F13A7CCBAF5FA8D38C4 /* Pods_ITCnance.framework in Frameworks */ = {isa = PBXBuildFile; fileRef = D3004A81B1363F370A870059 /* Pods_ITCnance.framework */; };
		680DCF9E2A7C447F00A2B2E8 /* String+localized.swift in Sources */ = {isa = PBXBuildFile; fileRef = 680DCF9D2A7C447F00A2B2E8 /* String+localized.swift */; };
		680DCF9F2A7C447F00A2B2E8 /* String+localized.swift in Sources */ = {isa = PBXBuildFile; fileRef = 680DCF9D2A7C447F00A2B2E8 /* String+localized.swift */; };
		687330462A4F5CFC005283A0 /* MainApp.swift in Sources */ = {isa = PBXBuildFile; fileRef = 687330452A4F5CFC005283A0 /* MainApp.swift */; };
		687330482A4F5CFC005283A0 /* MainContentView.swift in Sources */ = {isa = PBXBuildFile; fileRef = 687330472A4F5CFC005283A0 /* MainContentView.swift */; };
		6873304A2A4F5CFD005283A0 /* Assets.xcassets in Resources */ = {isa = PBXBuildFile; fileRef = 687330492A4F5CFD005283A0 /* Assets.xcassets */; };
		6873304D2A4F5CFD005283A0 /* Preview Assets.xcassets in Resources */ = {isa = PBXBuildFile; fileRef = 6873304C2A4F5CFD005283A0 /* Preview Assets.xcassets */; };
		687330612A4F5CFD005283A0 /* ITCnanceUITests.swift in Sources */ = {isa = PBXBuildFile; fileRef = 687330602A4F5CFD005283A0 /* ITCnanceUITests.swift */; };
		687330632A4F5CFD005283A0 /* ITCnanceUITestsLaunchTests.swift in Sources */ = {isa = PBXBuildFile; fileRef = 687330622A4F5CFD005283A0 /* ITCnanceUITestsLaunchTests.swift */; };
		687330732A4F61C7005283A0 /* LoginView.swift in Sources */ = {isa = PBXBuildFile; fileRef = 687330722A4F61C7005283A0 /* LoginView.swift */; };
		687330772A4F6299005283A0 /* LoginViewModel.swift in Sources */ = {isa = PBXBuildFile; fileRef = 687330762A4F6299005283A0 /* LoginViewModel.swift */; };
		687330792A4F6436005283A0 /* Colors.xcassets in Resources */ = {isa = PBXBuildFile; fileRef = 687330782A4F6436005283A0 /* Colors.xcassets */; };
		688105C32AB1A8EC00D70ABC /* ErrorMessage.swift in Sources */ = {isa = PBXBuildFile; fileRef = 688105C22AB1A8EC00D70ABC /* ErrorMessage.swift */; };
		688105C42AB1A8EC00D70ABC /* ErrorMessage.swift in Sources */ = {isa = PBXBuildFile; fileRef = 688105C22AB1A8EC00D70ABC /* ErrorMessage.swift */; };
		688105C62AB1B51C00D70ABC /* AccountInfoBinanceEndpoint.swift in Sources */ = {isa = PBXBuildFile; fileRef = 688105C52AB1B51C00D70ABC /* AccountInfoBinanceEndpoint.swift */; };
		688105C72AB1B51C00D70ABC /* AccountInfoBinanceEndpoint.swift in Sources */ = {isa = PBXBuildFile; fileRef = 688105C52AB1B51C00D70ABC /* AccountInfoBinanceEndpoint.swift */; };
		688105C92AB1B79F00D70ABC /* AccountInfoBinance.swift in Sources */ = {isa = PBXBuildFile; fileRef = 688105C82AB1B79F00D70ABC /* AccountInfoBinance.swift */; };
		688105CA2AB1B79F00D70ABC /* AccountInfoBinance.swift in Sources */ = {isa = PBXBuildFile; fileRef = 688105C82AB1B79F00D70ABC /* AccountInfoBinance.swift */; };
		688105CC2AB1BAAF00D70ABC /* AccountInfoDTO.swift in Sources */ = {isa = PBXBuildFile; fileRef = 688105CB2AB1BAAF00D70ABC /* AccountInfoDTO.swift */; };
		688105CD2AB1BAAF00D70ABC /* AccountInfoDTO.swift in Sources */ = {isa = PBXBuildFile; fileRef = 688105CB2AB1BAAF00D70ABC /* AccountInfoDTO.swift */; };
		6887270C2A7D957C00C29233 /* BinanceProvider.swift in Sources */ = {isa = PBXBuildFile; fileRef = 6887270B2A7D957C00C29233 /* BinanceProvider.swift */; };
		6887270D2A7D957C00C29233 /* BinanceProvider.swift in Sources */ = {isa = PBXBuildFile; fileRef = 6887270B2A7D957C00C29233 /* BinanceProvider.swift */; };
		6887270F2A7D95BD00C29233 /* URLSession+HTTPWorker.swift in Sources */ = {isa = PBXBuildFile; fileRef = 6887270E2A7D95BD00C29233 /* URLSession+HTTPWorker.swift */; };
		688727102A7D95BD00C29233 /* URLSession+HTTPWorker.swift in Sources */ = {isa = PBXBuildFile; fileRef = 6887270E2A7D95BD00C29233 /* URLSession+HTTPWorker.swift */; };
		688C187F2AB398D800927F0D /* RequestManagerTests.swift in Sources */ = {isa = PBXBuildFile; fileRef = 688C187E2AB398D800927F0D /* RequestManagerTests.swift */; };
		689997192AA4AA2500671E34 /* BinanceURLBuilder.swift in Sources */ = {isa = PBXBuildFile; fileRef = 689997182AA4AA2500671E34 /* BinanceURLBuilder.swift */; };
		6899971A2AA4AA2500671E34 /* BinanceURLBuilder.swift in Sources */ = {isa = PBXBuildFile; fileRef = 689997182AA4AA2500671E34 /* BinanceURLBuilder.swift */; };
		6899971C2AA4AA6700671E34 /* Endpoint.swift in Sources */ = {isa = PBXBuildFile; fileRef = 6899971B2AA4AA6700671E34 /* Endpoint.swift */; };
		6899971D2AA4AA6700671E34 /* Endpoint.swift in Sources */ = {isa = PBXBuildFile; fileRef = 6899971B2AA4AA6700671E34 /* Endpoint.swift */; };
		6899971F2AA4AB6300671E34 /* URLBuilder.swift in Sources */ = {isa = PBXBuildFile; fileRef = 6899971E2AA4AB6300671E34 /* URLBuilder.swift */; };
		689997202AA4AB6300671E34 /* URLBuilder.swift in Sources */ = {isa = PBXBuildFile; fileRef = 6899971E2AA4AB6300671E34 /* URLBuilder.swift */; };
		689E5BAF2AB8D6D600855293 /* NetworkProviderTests.swift in Sources */ = {isa = PBXBuildFile; fileRef = 689E5BAE2AB8D6D600855293 /* NetworkProviderTests.swift */; };
		68A85EF32A569AAB00EDFED1 /* VShape.swift in Sources */ = {isa = PBXBuildFile; fileRef = 68ACBEAF2A52D83E006B5D7B /* VShape.swift */; };
		68A85EF62A569AAB00EDFED1 /* LoginViewModel.swift in Sources */ = {isa = PBXBuildFile; fileRef = 687330762A4F6299005283A0 /* LoginViewModel.swift */; };
		68A85EF82A569AAB00EDFED1 /* CustomButtonStyle.swift in Sources */ = {isa = PBXBuildFile; fileRef = 68ACBEB42A533228006B5D7B /* CustomButtonStyle.swift */; };
		68A85EFA2A569AAB00EDFED1 /* LogoView.swift in Sources */ = {isa = PBXBuildFile; fileRef = 68ACBEA82A52B8FF006B5D7B /* LogoView.swift */; };
		68A85EFB2A569AAB00EDFED1 /* LoginView.swift in Sources */ = {isa = PBXBuildFile; fileRef = 687330722A4F61C7005283A0 /* LoginView.swift */; };
		68A85EFC2A569AAB00EDFED1 /* Constants.swift in Sources */ = {isa = PBXBuildFile; fileRef = 68ACBEDE2A5357B1006B5D7B /* Constants.swift */; };
		68A85EFD2A569AAB00EDFED1 /* QuarterLogoView.swift in Sources */ = {isa = PBXBuildFile; fileRef = 68ACBEA62A52B714006B5D7B /* QuarterLogoView.swift */; };
		68A85EFF2A569AAB00EDFED1 /* QuarterCircleShape.swift in Sources */ = {isa = PBXBuildFile; fileRef = 68ACBEAB2A52D74B006B5D7B /* QuarterCircleShape.swift */; };
		68A85F002A569AAB00EDFED1 /* View+fixedHeight.swift in Sources */ = {isa = PBXBuildFile; fileRef = 68ACBEC82A5349F7006B5D7B /* View+fixedHeight.swift */; };
		68A85F022A569AAB00EDFED1 /* TriangleShape.swift in Sources */ = {isa = PBXBuildFile; fileRef = 68ACBEAD2A52D819006B5D7B /* TriangleShape.swift */; };
		68A85F042A569AAB00EDFED1 /* MainContentView.swift in Sources */ = {isa = PBXBuildFile; fileRef = 687330472A4F5CFC005283A0 /* MainContentView.swift */; };
		68A85F062A569AAB00EDFED1 /* CustomTextFieldType.swift in Sources */ = {isa = PBXBuildFile; fileRef = 68ACBEB72A5332A9006B5D7B /* CustomTextFieldType.swift */; };
		68A85F072A569AAB00EDFED1 /* MainApp.swift in Sources */ = {isa = PBXBuildFile; fileRef = 687330452A4F5CFC005283A0 /* MainApp.swift */; };
		68A85F092A569AAB00EDFED1 /* CustomTextFieldStyle.swift in Sources */ = {isa = PBXBuildFile; fileRef = 68ACBECA2A534A7C006B5D7B /* CustomTextFieldStyle.swift */; };
		68A85F0A2A569AAB00EDFED1 /* CustomTextFieldView.swift in Sources */ = {isa = PBXBuildFile; fileRef = 68ACBEC52A5348FB006B5D7B /* CustomTextFieldView.swift */; };
		68A85F0E2A569AAB00EDFED1 /* Localizable.strings in Resources */ = {isa = PBXBuildFile; fileRef = 68ACBEC32A5347C0006B5D7B /* Localizable.strings */; };
		68A85F0F2A569AAB00EDFED1 /* Colors.xcassets in Resources */ = {isa = PBXBuildFile; fileRef = 687330782A4F6436005283A0 /* Colors.xcassets */; };
		68A85F102A569AAB00EDFED1 /* Localizable.strings in Resources */ = {isa = PBXBuildFile; fileRef = 68ACBEBE2A534705006B5D7B /* Localizable.strings */; };
		68A85F112A569AAB00EDFED1 /* Preview Assets.xcassets in Resources */ = {isa = PBXBuildFile; fileRef = 6873304C2A4F5CFD005283A0 /* Preview Assets.xcassets */; };
		68A85F122A569AAB00EDFED1 /* Assets.xcassets in Resources */ = {isa = PBXBuildFile; fileRef = 687330492A4F5CFD005283A0 /* Assets.xcassets */; };
		68AA38162ABE18F40081D8A5 /* BinanceProviderTests.swift in Sources */ = {isa = PBXBuildFile; fileRef = 68AA38152ABE18F40081D8A5 /* BinanceProviderTests.swift */; };
		68ACBEA72A52B714006B5D7B /* QuarterLogoView.swift in Sources */ = {isa = PBXBuildFile; fileRef = 68ACBEA62A52B714006B5D7B /* QuarterLogoView.swift */; };
		68ACBEA92A52B8FF006B5D7B /* LogoView.swift in Sources */ = {isa = PBXBuildFile; fileRef = 68ACBEA82A52B8FF006B5D7B /* LogoView.swift */; };
		68ACBEAC2A52D74B006B5D7B /* QuarterCircleShape.swift in Sources */ = {isa = PBXBuildFile; fileRef = 68ACBEAB2A52D74B006B5D7B /* QuarterCircleShape.swift */; };
		68ACBEAE2A52D819006B5D7B /* TriangleShape.swift in Sources */ = {isa = PBXBuildFile; fileRef = 68ACBEAD2A52D819006B5D7B /* TriangleShape.swift */; };
		68ACBEB02A52D83E006B5D7B /* VShape.swift in Sources */ = {isa = PBXBuildFile; fileRef = 68ACBEAF2A52D83E006B5D7B /* VShape.swift */; };
		68ACBEB52A533228006B5D7B /* CustomButtonStyle.swift in Sources */ = {isa = PBXBuildFile; fileRef = 68ACBEB42A533228006B5D7B /* CustomButtonStyle.swift */; };
		68ACBEB82A5332A9006B5D7B /* CustomTextFieldType.swift in Sources */ = {isa = PBXBuildFile; fileRef = 68ACBEB72A5332A9006B5D7B /* CustomTextFieldType.swift */; };
		68ACBEBC2A534705006B5D7B /* Localizable.strings in Resources */ = {isa = PBXBuildFile; fileRef = 68ACBEBE2A534705006B5D7B /* Localizable.strings */; };
		68ACBEC12A5347C0006B5D7B /* Localizable.strings in Resources */ = {isa = PBXBuildFile; fileRef = 68ACBEC32A5347C0006B5D7B /* Localizable.strings */; };
		68ACBEC62A5348FB006B5D7B /* CustomTextFieldView.swift in Sources */ = {isa = PBXBuildFile; fileRef = 68ACBEC52A5348FB006B5D7B /* CustomTextFieldView.swift */; };
		68ACBEC92A5349F7006B5D7B /* View+fixedHeight.swift in Sources */ = {isa = PBXBuildFile; fileRef = 68ACBEC82A5349F7006B5D7B /* View+fixedHeight.swift */; };
		68ACBECB2A534A7C006B5D7B /* CustomTextFieldStyle.swift in Sources */ = {isa = PBXBuildFile; fileRef = 68ACBECA2A534A7C006B5D7B /* CustomTextFieldStyle.swift */; };
		68ACBEDF2A5357B1006B5D7B /* Constants.swift in Sources */ = {isa = PBXBuildFile; fileRef = 68ACBEDE2A5357B1006B5D7B /* Constants.swift */; };
		68ADEFBA2A7F72CC00ED207F /* RequestManager.swift in Sources */ = {isa = PBXBuildFile; fileRef = 68ADEFB92A7F72CC00ED207F /* RequestManager.swift */; };
		68ADEFBB2A7F72CD00ED207F /* RequestManager.swift in Sources */ = {isa = PBXBuildFile; fileRef = 68ADEFB92A7F72CC00ED207F /* RequestManager.swift */; };
		68ADEFC02A7F932700ED207F /* NetworkProvider.swift in Sources */ = {isa = PBXBuildFile; fileRef = 68ADEFBF2A7F932700ED207F /* NetworkProvider.swift */; };
		68ADEFC12A7F932700ED207F /* NetworkProvider.swift in Sources */ = {isa = PBXBuildFile; fileRef = 68ADEFBF2A7F932700ED207F /* NetworkProvider.swift */; };
		68ADEFCD2A7FCBDB00ED207F /* BalanceBinance.swift in Sources */ = {isa = PBXBuildFile; fileRef = 68ADEFCC2A7FCBDB00ED207F /* BalanceBinance.swift */; };
		68ADEFCE2A7FCBDB00ED207F /* BalanceBinance.swift in Sources */ = {isa = PBXBuildFile; fileRef = 68ADEFCC2A7FCBDB00ED207F /* BalanceBinance.swift */; };
		68AEFABC2A80AD1000BDD192 /* [URLQueryItem]+queryString.swift in Sources */ = {isa = PBXBuildFile; fileRef = 68AEFABB2A80AD1000BDD192 /* [URLQueryItem]+queryString.swift */; };
		68AEFABD2A80AD1000BDD192 /* [URLQueryItem]+queryString.swift in Sources */ = {isa = PBXBuildFile; fileRef = 68AEFABB2A80AD1000BDD192 /* [URLQueryItem]+queryString.swift */; };
		68B94EBC2AA614B100D8BC05 /* BalanceBinanceEndpoint.swift in Sources */ = {isa = PBXBuildFile; fileRef = 68B94EBB2AA614B100D8BC05 /* BalanceBinanceEndpoint.swift */; };
		68B94EBD2AA614B100D8BC05 /* BalanceBinanceEndpoint.swift in Sources */ = {isa = PBXBuildFile; fileRef = 68B94EBB2AA614B100D8BC05 /* BalanceBinanceEndpoint.swift */; };
		68B94EBF2AA6679800D8BC05 /* BinanceURLBuilderTests.swift in Sources */ = {isa = PBXBuildFile; fileRef = 68B94EBE2AA6679800D8BC05 /* BinanceURLBuilderTests.swift */; };
		68B94EC12AA66F6100D8BC05 /* String+ensurePrefixSlash.swift in Sources */ = {isa = PBXBuildFile; fileRef = 68B94EC02AA66F6100D8BC05 /* String+ensurePrefixSlash.swift */; };
		68B94EC22AA66F6100D8BC05 /* String+ensurePrefixSlash.swift in Sources */ = {isa = PBXBuildFile; fileRef = 68B94EC02AA66F6100D8BC05 /* String+ensurePrefixSlash.swift */; };
		68DB77772A7D7EE6001DD8EF /* BrokerProvider.swift in Sources */ = {isa = PBXBuildFile; fileRef = 68DB77762A7D7EE6001DD8EF /* BrokerProvider.swift */; };
		68DB77782A7D7EE6001DD8EF /* BrokerProvider.swift in Sources */ = {isa = PBXBuildFile; fileRef = 68DB77762A7D7EE6001DD8EF /* BrokerProvider.swift */; };
		7C3DFBE555C498D6094B9002 /* Pods_ITCnance___Dev.framework in Frameworks */ = {isa = PBXBuildFile; fileRef = 715FB0ACDF1C9983FD9E5C3F /* Pods_ITCnance___Dev.framework */; };
		A7820D182A5485A4B6B59B26 /* Pods_ITCnanceTests.framework in Frameworks */ = {isa = PBXBuildFile; fileRef = F7B8D7B16A16ACF087C8EE47 /* Pods_ITCnanceTests.framework */; };
		E30E4B0C6D752A8DB3908772 /* Pods_ITCnance_ITCnanceUITests.framework in Frameworks */ = {isa = PBXBuildFile; fileRef = 6F827176633C5202EBD6E102 /* Pods_ITCnance_ITCnanceUITests.framework */; };
/* End PBXBuildFile section */

/* Begin PBXContainerItemProxy section */
		687330532A4F5CFD005283A0 /* PBXContainerItemProxy */ = {
			isa = PBXContainerItemProxy;
			containerPortal = 6873303A2A4F5CFC005283A0 /* Project object */;
			proxyType = 1;
			remoteGlobalIDString = 687330412A4F5CFC005283A0;
			remoteInfo = ITCnance;
		};
		6873305D2A4F5CFD005283A0 /* PBXContainerItemProxy */ = {
			isa = PBXContainerItemProxy;
			containerPortal = 6873303A2A4F5CFC005283A0 /* Project object */;
			proxyType = 1;
			remoteGlobalIDString = 687330412A4F5CFC005283A0;
			remoteInfo = ITCnance;
		};
/* End PBXContainerItemProxy section */

/* Begin PBXFileReference section */
		002897F17C5C98E7569F6553 /* Pods-ITCnance.release.xcconfig */ = {isa = PBXFileReference; includeInIndex = 1; lastKnownFileType = text.xcconfig; name = "Pods-ITCnance.release.xcconfig"; path = "Target Support Files/Pods-ITCnance/Pods-ITCnance.release.xcconfig"; sourceTree = "<group>"; };
		02508F0DA5FB5A6D7C68E3B7 /* Pods-ITCnance - Dev.release.xcconfig */ = {isa = PBXFileReference; includeInIndex = 1; lastKnownFileType = text.xcconfig; name = "Pods-ITCnance - Dev.release.xcconfig"; path = "Target Support Files/Pods-ITCnance - Dev/Pods-ITCnance - Dev.release.xcconfig"; sourceTree = "<group>"; };
		261434B25A145276279E482C /* Pods-ITCnanceTests.release.xcconfig */ = {isa = PBXFileReference; includeInIndex = 1; lastKnownFileType = text.xcconfig; name = "Pods-ITCnanceTests.release.xcconfig"; path = "Target Support Files/Pods-ITCnanceTests/Pods-ITCnanceTests.release.xcconfig"; sourceTree = "<group>"; };
		680DCF9D2A7C447F00A2B2E8 /* String+localized.swift */ = {isa = PBXFileReference; lastKnownFileType = sourcecode.swift; path = "String+localized.swift"; sourceTree = "<group>"; };
		687330422A4F5CFC005283A0 /* ITCnance.app */ = {isa = PBXFileReference; explicitFileType = wrapper.application; includeInIndex = 0; path = ITCnance.app; sourceTree = BUILT_PRODUCTS_DIR; };
		687330452A4F5CFC005283A0 /* MainApp.swift */ = {isa = PBXFileReference; lastKnownFileType = sourcecode.swift; path = MainApp.swift; sourceTree = "<group>"; };
		687330472A4F5CFC005283A0 /* MainContentView.swift */ = {isa = PBXFileReference; lastKnownFileType = sourcecode.swift; path = MainContentView.swift; sourceTree = "<group>"; };
		687330492A4F5CFD005283A0 /* Assets.xcassets */ = {isa = PBXFileReference; lastKnownFileType = folder.assetcatalog; path = Assets.xcassets; sourceTree = "<group>"; };
		6873304C2A4F5CFD005283A0 /* Preview Assets.xcassets */ = {isa = PBXFileReference; lastKnownFileType = folder.assetcatalog; path = "Preview Assets.xcassets"; sourceTree = "<group>"; };
		687330522A4F5CFD005283A0 /* ITCnanceTests.xctest */ = {isa = PBXFileReference; explicitFileType = wrapper.cfbundle; includeInIndex = 0; path = ITCnanceTests.xctest; sourceTree = BUILT_PRODUCTS_DIR; };
		6873305C2A4F5CFD005283A0 /* ITCnanceUITests.xctest */ = {isa = PBXFileReference; explicitFileType = wrapper.cfbundle; includeInIndex = 0; path = ITCnanceUITests.xctest; sourceTree = BUILT_PRODUCTS_DIR; };
		687330602A4F5CFD005283A0 /* ITCnanceUITests.swift */ = {isa = PBXFileReference; lastKnownFileType = sourcecode.swift; path = ITCnanceUITests.swift; sourceTree = "<group>"; };
		687330622A4F5CFD005283A0 /* ITCnanceUITestsLaunchTests.swift */ = {isa = PBXFileReference; lastKnownFileType = sourcecode.swift; path = ITCnanceUITestsLaunchTests.swift; sourceTree = "<group>"; };
		687330722A4F61C7005283A0 /* LoginView.swift */ = {isa = PBXFileReference; lastKnownFileType = sourcecode.swift; path = LoginView.swift; sourceTree = "<group>"; };
		687330762A4F6299005283A0 /* LoginViewModel.swift */ = {isa = PBXFileReference; lastKnownFileType = sourcecode.swift; path = LoginViewModel.swift; sourceTree = "<group>"; };
		687330782A4F6436005283A0 /* Colors.xcassets */ = {isa = PBXFileReference; lastKnownFileType = folder.assetcatalog; path = Colors.xcassets; sourceTree = "<group>"; };
		688105C22AB1A8EC00D70ABC /* ErrorMessage.swift */ = {isa = PBXFileReference; lastKnownFileType = sourcecode.swift; path = ErrorMessage.swift; sourceTree = "<group>"; };
		688105C52AB1B51C00D70ABC /* AccountInfoBinanceEndpoint.swift */ = {isa = PBXFileReference; lastKnownFileType = sourcecode.swift; path = AccountInfoBinanceEndpoint.swift; sourceTree = "<group>"; };
		688105C82AB1B79F00D70ABC /* AccountInfoBinance.swift */ = {isa = PBXFileReference; lastKnownFileType = sourcecode.swift; path = AccountInfoBinance.swift; sourceTree = "<group>"; };
		688105CB2AB1BAAF00D70ABC /* AccountInfoDTO.swift */ = {isa = PBXFileReference; lastKnownFileType = sourcecode.swift; path = AccountInfoDTO.swift; sourceTree = "<group>"; };
		6887270B2A7D957C00C29233 /* BinanceProvider.swift */ = {isa = PBXFileReference; lastKnownFileType = sourcecode.swift; path = BinanceProvider.swift; sourceTree = "<group>"; };
		6887270E2A7D95BD00C29233 /* URLSession+HTTPWorker.swift */ = {isa = PBXFileReference; lastKnownFileType = sourcecode.swift; path = "URLSession+HTTPWorker.swift"; sourceTree = "<group>"; };
		688C187E2AB398D800927F0D /* RequestManagerTests.swift */ = {isa = PBXFileReference; lastKnownFileType = sourcecode.swift; path = RequestManagerTests.swift; sourceTree = "<group>"; };
		689997182AA4AA2500671E34 /* BinanceURLBuilder.swift */ = {isa = PBXFileReference; lastKnownFileType = sourcecode.swift; path = BinanceURLBuilder.swift; sourceTree = "<group>"; };
		6899971B2AA4AA6700671E34 /* Endpoint.swift */ = {isa = PBXFileReference; lastKnownFileType = sourcecode.swift; path = Endpoint.swift; sourceTree = "<group>"; };
		6899971E2AA4AB6300671E34 /* URLBuilder.swift */ = {isa = PBXFileReference; lastKnownFileType = sourcecode.swift; path = URLBuilder.swift; sourceTree = "<group>"; };
		689E5BAE2AB8D6D600855293 /* NetworkProviderTests.swift */ = {isa = PBXFileReference; lastKnownFileType = sourcecode.swift; path = NetworkProviderTests.swift; sourceTree = "<group>"; };
		68A85F172A569AAB00EDFED1 /* ITCnance - Dev.app */ = {isa = PBXFileReference; explicitFileType = wrapper.application; includeInIndex = 0; path = "ITCnance - Dev.app"; sourceTree = BUILT_PRODUCTS_DIR; };
		68AA38152ABE18F40081D8A5 /* BinanceProviderTests.swift */ = {isa = PBXFileReference; lastKnownFileType = sourcecode.swift; path = BinanceProviderTests.swift; sourceTree = "<group>"; };
		68ACBEA62A52B714006B5D7B /* QuarterLogoView.swift */ = {isa = PBXFileReference; lastKnownFileType = sourcecode.swift; path = QuarterLogoView.swift; sourceTree = "<group>"; };
		68ACBEA82A52B8FF006B5D7B /* LogoView.swift */ = {isa = PBXFileReference; lastKnownFileType = sourcecode.swift; path = LogoView.swift; sourceTree = "<group>"; };
		68ACBEAB2A52D74B006B5D7B /* QuarterCircleShape.swift */ = {isa = PBXFileReference; lastKnownFileType = sourcecode.swift; path = QuarterCircleShape.swift; sourceTree = "<group>"; };
		68ACBEAD2A52D819006B5D7B /* TriangleShape.swift */ = {isa = PBXFileReference; lastKnownFileType = sourcecode.swift; path = TriangleShape.swift; sourceTree = "<group>"; };
		68ACBEAF2A52D83E006B5D7B /* VShape.swift */ = {isa = PBXFileReference; lastKnownFileType = sourcecode.swift; path = VShape.swift; sourceTree = "<group>"; };
		68ACBEB42A533228006B5D7B /* CustomButtonStyle.swift */ = {isa = PBXFileReference; lastKnownFileType = sourcecode.swift; path = CustomButtonStyle.swift; sourceTree = "<group>"; };
		68ACBEB72A5332A9006B5D7B /* CustomTextFieldType.swift */ = {isa = PBXFileReference; lastKnownFileType = sourcecode.swift; path = CustomTextFieldType.swift; sourceTree = "<group>"; };
		68ACBEBD2A534705006B5D7B /* en */ = {isa = PBXFileReference; lastKnownFileType = text.plist.strings; name = en; path = en.lproj/Localizable.strings; sourceTree = "<group>"; };
		68ACBEC22A5347C0006B5D7B /* pl */ = {isa = PBXFileReference; lastKnownFileType = text.plist.strings; name = pl; path = pl.lproj/Localizable.strings; sourceTree = "<group>"; };
		68ACBEC52A5348FB006B5D7B /* CustomTextFieldView.swift */ = {isa = PBXFileReference; lastKnownFileType = sourcecode.swift; path = CustomTextFieldView.swift; sourceTree = "<group>"; };
		68ACBEC82A5349F7006B5D7B /* View+fixedHeight.swift */ = {isa = PBXFileReference; lastKnownFileType = sourcecode.swift; path = "View+fixedHeight.swift"; sourceTree = "<group>"; };
		68ACBECA2A534A7C006B5D7B /* CustomTextFieldStyle.swift */ = {isa = PBXFileReference; lastKnownFileType = sourcecode.swift; path = CustomTextFieldStyle.swift; sourceTree = "<group>"; };
		68ACBEDE2A5357B1006B5D7B /* Constants.swift */ = {isa = PBXFileReference; lastKnownFileType = sourcecode.swift; path = Constants.swift; sourceTree = "<group>"; };
		68ADEFB92A7F72CC00ED207F /* RequestManager.swift */ = {isa = PBXFileReference; lastKnownFileType = sourcecode.swift; path = RequestManager.swift; sourceTree = "<group>"; };
		68ADEFBF2A7F932700ED207F /* NetworkProvider.swift */ = {isa = PBXFileReference; lastKnownFileType = sourcecode.swift; path = NetworkProvider.swift; sourceTree = "<group>"; };
		68ADEFCC2A7FCBDB00ED207F /* BalanceBinance.swift */ = {isa = PBXFileReference; lastKnownFileType = sourcecode.swift; path = BalanceBinance.swift; sourceTree = "<group>"; };
		68AEFABB2A80AD1000BDD192 /* [URLQueryItem]+queryString.swift */ = {isa = PBXFileReference; lastKnownFileType = sourcecode.swift; path = "[URLQueryItem]+queryString.swift"; sourceTree = "<group>"; };
		68B94EBB2AA614B100D8BC05 /* BalanceBinanceEndpoint.swift */ = {isa = PBXFileReference; lastKnownFileType = sourcecode.swift; path = BalanceBinanceEndpoint.swift; sourceTree = "<group>"; };
		68B94EBE2AA6679800D8BC05 /* BinanceURLBuilderTests.swift */ = {isa = PBXFileReference; lastKnownFileType = sourcecode.swift; path = BinanceURLBuilderTests.swift; sourceTree = "<group>"; };
		68B94EC02AA66F6100D8BC05 /* String+ensurePrefixSlash.swift */ = {isa = PBXFileReference; lastKnownFileType = sourcecode.swift; path = "String+ensurePrefixSlash.swift"; sourceTree = "<group>"; };
		68DB77762A7D7EE6001DD8EF /* BrokerProvider.swift */ = {isa = PBXFileReference; lastKnownFileType = sourcecode.swift; path = BrokerProvider.swift; sourceTree = "<group>"; };
		6F54DCF1C4396F7D655CBA47 /* Pods-ITCnance - Staging.debug.xcconfig */ = {isa = PBXFileReference; includeInIndex = 1; lastKnownFileType = text.xcconfig; name = "Pods-ITCnance - Staging.debug.xcconfig"; path = "Target Support Files/Pods-ITCnance - Staging/Pods-ITCnance - Staging.debug.xcconfig"; sourceTree = "<group>"; };
		6F827176633C5202EBD6E102 /* Pods_ITCnance_ITCnanceUITests.framework */ = {isa = PBXFileReference; explicitFileType = wrapper.framework; includeInIndex = 0; path = Pods_ITCnance_ITCnanceUITests.framework; sourceTree = BUILT_PRODUCTS_DIR; };
		715FB0ACDF1C9983FD9E5C3F /* Pods_ITCnance___Dev.framework */ = {isa = PBXFileReference; explicitFileType = wrapper.framework; includeInIndex = 0; path = Pods_ITCnance___Dev.framework; sourceTree = BUILT_PRODUCTS_DIR; };
		78291B28C2C891C3DC950B99 /* Pods-ITCnance-ITCnanceUITests.release.xcconfig */ = {isa = PBXFileReference; includeInIndex = 1; lastKnownFileType = text.xcconfig; name = "Pods-ITCnance-ITCnanceUITests.release.xcconfig"; path = "Target Support Files/Pods-ITCnance-ITCnanceUITests/Pods-ITCnance-ITCnanceUITests.release.xcconfig"; sourceTree = "<group>"; };
		8D967E4DDD3358254776837A /* Pods_ITCnance___Staging.framework */ = {isa = PBXFileReference; explicitFileType = wrapper.framework; includeInIndex = 0; path = Pods_ITCnance___Staging.framework; sourceTree = BUILT_PRODUCTS_DIR; };
		8EFA9D9B9402840B47226053 /* Pods-ITCnanceTests.debug.xcconfig */ = {isa = PBXFileReference; includeInIndex = 1; lastKnownFileType = text.xcconfig; name = "Pods-ITCnanceTests.debug.xcconfig"; path = "Target Support Files/Pods-ITCnanceTests/Pods-ITCnanceTests.debug.xcconfig"; sourceTree = "<group>"; };
		93410BE86E33CBC403DAE1E2 /* Pods-ITCnance - Staging.release.xcconfig */ = {isa = PBXFileReference; includeInIndex = 1; lastKnownFileType = text.xcconfig; name = "Pods-ITCnance - Staging.release.xcconfig"; path = "Target Support Files/Pods-ITCnance - Staging/Pods-ITCnance - Staging.release.xcconfig"; sourceTree = "<group>"; };
		B05B0385F0AEEED829DE609C /* Pods-ITCnance-ITCnanceUITests.debug.xcconfig */ = {isa = PBXFileReference; includeInIndex = 1; lastKnownFileType = text.xcconfig; name = "Pods-ITCnance-ITCnanceUITests.debug.xcconfig"; path = "Target Support Files/Pods-ITCnance-ITCnanceUITests/Pods-ITCnance-ITCnanceUITests.debug.xcconfig"; sourceTree = "<group>"; };
		B3DEE87633FC0C21294F248C /* Pods-ITCnance.debug.xcconfig */ = {isa = PBXFileReference; includeInIndex = 1; lastKnownFileType = text.xcconfig; name = "Pods-ITCnance.debug.xcconfig"; path = "Target Support Files/Pods-ITCnance/Pods-ITCnance.debug.xcconfig"; sourceTree = "<group>"; };
		D1963DF1B5727DA01740B83A /* Pods-ITCnance - Dev.debug.xcconfig */ = {isa = PBXFileReference; includeInIndex = 1; lastKnownFileType = text.xcconfig; name = "Pods-ITCnance - Dev.debug.xcconfig"; path = "Target Support Files/Pods-ITCnance - Dev/Pods-ITCnance - Dev.debug.xcconfig"; sourceTree = "<group>"; };
		F7B8D7B16A16ACF087C8EE47 /* Pods_ITCnanceTests.framework */ = {isa = PBXFileReference; explicitFileType = wrapper.framework; includeInIndex = 0; path = Pods_ITCnanceTests.framework; sourceTree = BUILT_PRODUCTS_DIR; };
/* End PBXFileReference section */

/* Begin PBXFrameworksBuildPhase section */
		6873303F2A4F5CFC005283A0 /* Frameworks */ = {
			isa = PBXFrameworksBuildPhase;
			buildActionMask = 2147483647;
			files = (
				2AC67F13A7CCBAF5FA8D38C4 /* Pods_ITCnance.framework in Frameworks */,
			);
			runOnlyForDeploymentPostprocessing = 0;
		};
		6873304F2A4F5CFD005283A0 /* Frameworks */ = {
			isa = PBXFrameworksBuildPhase;
			buildActionMask = 2147483647;
			files = (
				A7820D182A5485A4B6B59B26 /* Pods_ITCnanceTests.framework in Frameworks */,
			);
			runOnlyForDeploymentPostprocessing = 0;
		};
		687330592A4F5CFD005283A0 /* Frameworks */ = {
			isa = PBXFrameworksBuildPhase;
			buildActionMask = 2147483647;
			files = (
				E30E4B0C6D752A8DB3908772 /* Pods_ITCnance_ITCnanceUITests.framework in Frameworks */,
			);
			runOnlyForDeploymentPostprocessing = 0;
		};
		68A85F0B2A569AAB00EDFED1 /* Frameworks */ = {
			isa = PBXFrameworksBuildPhase;
			buildActionMask = 2147483647;
			files = (
				7C3DFBE555C498D6094B9002 /* Pods_ITCnance___Dev.framework in Frameworks */,
			);
			runOnlyForDeploymentPostprocessing = 0;
		};
/* End PBXFrameworksBuildPhase section */

/* Begin PBXGroup section */
		687330392A4F5CFC005283A0 = {
			isa = PBXGroup;
			children = (
				687330442A4F5CFC005283A0 /* ITCnance */,
				68ACBEDE2A5357B1006B5D7B /* Constants.swift */,
				687330552A4F5CFD005283A0 /* ITCnanceTests */,
				6873305F2A4F5CFD005283A0 /* ITCnanceUITests */,
				687330432A4F5CFC005283A0 /* Products */,
				ADBD54A7E1DDC60CD57DAABB /* Pods */,
				802E0F65614CEF26A62BF110 /* Frameworks */,
			);
			sourceTree = "<group>";
		};
		687330432A4F5CFC005283A0 /* Products */ = {
			isa = PBXGroup;
			children = (
				687330422A4F5CFC005283A0 /* ITCnance.app */,
				687330522A4F5CFD005283A0 /* ITCnanceTests.xctest */,
				6873305C2A4F5CFD005283A0 /* ITCnanceUITests.xctest */,
				68A85F172A569AAB00EDFED1 /* ITCnance - Dev.app */,
			);
			name = Products;
			sourceTree = "<group>";
		};
		687330442A4F5CFC005283A0 /* ITCnance */ = {
			isa = PBXGroup;
			children = (
				68AE64762A7E6EB700DC6B25 /* Models */,
				68DB77742A7D7E29001DD8EF /* BussinesLogic */,
				68ACBEC72A5349CD006B5D7B /* Extensions */,
				68ACBEB92A534632006B5D7B /* Resources */,
				68ACBEB62A533286006B5D7B /* Enum */,
				68ACBEB22A52D9E3006B5D7B /* UI */,
				6873306F2A4F5FFA005283A0 /* MainApp */,
				6873304B2A4F5CFD005283A0 /* Preview Content */,
			);
			path = ITCnance;
			sourceTree = "<group>";
		};
		6873304B2A4F5CFD005283A0 /* Preview Content */ = {
			isa = PBXGroup;
			children = (
				6873304C2A4F5CFD005283A0 /* Preview Assets.xcassets */,
			);
			path = "Preview Content";
			sourceTree = "<group>";
		};
		687330552A4F5CFD005283A0 /* ITCnanceTests */ = {
			isa = PBXGroup;
			children = (
				68B94EBE2AA6679800D8BC05 /* BinanceURLBuilderTests.swift */,
				68AA38152ABE18F40081D8A5 /* BinanceProviderTests.swift */,
				689E5BAE2AB8D6D600855293 /* NetworkProviderTests.swift */,
				688C187E2AB398D800927F0D /* RequestManagerTests.swift */,
			);
			path = ITCnanceTests;
			sourceTree = "<group>";
		};
		6873305F2A4F5CFD005283A0 /* ITCnanceUITests */ = {
			isa = PBXGroup;
			children = (
				687330602A4F5CFD005283A0 /* ITCnanceUITests.swift */,
				687330622A4F5CFD005283A0 /* ITCnanceUITestsLaunchTests.swift */,
			);
			path = ITCnanceUITests;
			sourceTree = "<group>";
		};
		6873306F2A4F5FFA005283A0 /* MainApp */ = {
			isa = PBXGroup;
			children = (
				687330452A4F5CFC005283A0 /* MainApp.swift */,
				687330472A4F5CFC005283A0 /* MainContentView.swift */,
			);
			path = MainApp;
			sourceTree = "<group>";
		};
		687330702A4F6182005283A0 /* Views */ = {
			isa = PBXGroup;
			children = (
				68ACBEA52A52B62E006B5D7B /* Logo */,
				687330712A4F6188005283A0 /* Login */,
			);
			path = Views;
			sourceTree = "<group>";
		};
		687330712A4F6188005283A0 /* Login */ = {
			isa = PBXGroup;
			children = (
				687330722A4F61C7005283A0 /* LoginView.swift */,
				687330762A4F6299005283A0 /* LoginViewModel.swift */,
			);
			path = Login;
			sourceTree = "<group>";
		};
		6887270A2A7D956800C29233 /* Brokers */ = {
			isa = PBXGroup;
			children = (
				68DB77762A7D7EE6001DD8EF /* BrokerProvider.swift */,
				68ADEFC32A7F9CC700ED207F /* Binance */,
			);
			path = Brokers;
			sourceTree = "<group>";
		};
		68ACBEA52A52B62E006B5D7B /* Logo */ = {
			isa = PBXGroup;
			children = (
				68ACBEB12A52D892006B5D7B /* QuarterLogoView */,
				68ACBEA82A52B8FF006B5D7B /* LogoView.swift */,
			);
			path = Logo;
			sourceTree = "<group>";
		};
		68ACBEAA2A52D717006B5D7B /* Shapes */ = {
			isa = PBXGroup;
			children = (
				68ACBEAB2A52D74B006B5D7B /* QuarterCircleShape.swift */,
				68ACBEAD2A52D819006B5D7B /* TriangleShape.swift */,
				68ACBEAF2A52D83E006B5D7B /* VShape.swift */,
			);
			path = Shapes;
			sourceTree = "<group>";
		};
		68ACBEB12A52D892006B5D7B /* QuarterLogoView */ = {
			isa = PBXGroup;
			children = (
				68ACBEA62A52B714006B5D7B /* QuarterLogoView.swift */,
				68ACBEAA2A52D717006B5D7B /* Shapes */,
			);
			path = QuarterLogoView;
			sourceTree = "<group>";
		};
		68ACBEB22A52D9E3006B5D7B /* UI */ = {
			isa = PBXGroup;
			children = (
				68ACBEC42A5348E4006B5D7B /* General */,
				68ACBEB32A52D9EA006B5D7B /* Styles */,
				687330702A4F6182005283A0 /* Views */,
			);
			path = UI;
			sourceTree = "<group>";
		};
		68ACBEB32A52D9EA006B5D7B /* Styles */ = {
			isa = PBXGroup;
			children = (
				68ACBEB42A533228006B5D7B /* CustomButtonStyle.swift */,
				68ACBECA2A534A7C006B5D7B /* CustomTextFieldStyle.swift */,
			);
			path = Styles;
			sourceTree = "<group>";
		};
		68ACBEB62A533286006B5D7B /* Enum */ = {
			isa = PBXGroup;
			children = (
				68ACBEB72A5332A9006B5D7B /* CustomTextFieldType.swift */,
			);
			path = Enum;
			sourceTree = "<group>";
		};
		68ACBEB92A534632006B5D7B /* Resources */ = {
			isa = PBXGroup;
			children = (
				687330782A4F6436005283A0 /* Colors.xcassets */,
				687330492A4F5CFD005283A0 /* Assets.xcassets */,
				68ACBEBE2A534705006B5D7B /* Localizable.strings */,
				68ACBEC32A5347C0006B5D7B /* Localizable.strings */,
			);
			path = Resources;
			sourceTree = "<group>";
		};
		68ACBEC42A5348E4006B5D7B /* General */ = {
			isa = PBXGroup;
			children = (
				68ACBEC52A5348FB006B5D7B /* CustomTextFieldView.swift */,
			);
			path = General;
			sourceTree = "<group>";
		};
		68ACBEC72A5349CD006B5D7B /* Extensions */ = {
			isa = PBXGroup;
			children = (
				68ACBEC82A5349F7006B5D7B /* View+fixedHeight.swift */,
				680DCF9D2A7C447F00A2B2E8 /* String+localized.swift */,
				68B94EC02AA66F6100D8BC05 /* String+ensurePrefixSlash.swift */,
				6887270E2A7D95BD00C29233 /* URLSession+HTTPWorker.swift */,
				68AEFABB2A80AD1000BDD192 /* [URLQueryItem]+queryString.swift */,
			);
			path = Extensions;
			sourceTree = "<group>";
		};
		68ADEFC22A7F937600ED207F /* API */ = {
			isa = PBXGroup;
			children = (
				68ADEFB92A7F72CC00ED207F /* RequestManager.swift */,
				6899971E2AA4AB6300671E34 /* URLBuilder.swift */,
				6899971B2AA4AA6700671E34 /* Endpoint.swift */,
				68ADEFBF2A7F932700ED207F /* NetworkProvider.swift */,
			);
			path = API;
			sourceTree = "<group>";
		};
		68ADEFC32A7F9CC700ED207F /* Binance */ = {
			isa = PBXGroup;
			children = (
				68B94EBA2AA6149100D8BC05 /* Endpoints */,
				6887270B2A7D957C00C29233 /* BinanceProvider.swift */,
				689997182AA4AA2500671E34 /* BinanceURLBuilder.swift */,
			);
			path = Binance;
			sourceTree = "<group>";
		};
		68ADEFCB2A7FCBC600ED207F /* ResponseModels */ = {
			isa = PBXGroup;
			children = (
				68B7A8912A842559003EA804 /* Binance */,
			);
			path = ResponseModels;
			sourceTree = "<group>";
		};
		68AE64762A7E6EB700DC6B25 /* Models */ = {
			isa = PBXGroup;
			children = (
				68ADEFCB2A7FCBC600ED207F /* ResponseModels */,
				688105C22AB1A8EC00D70ABC /* ErrorMessage.swift */,
				688105CB2AB1BAAF00D70ABC /* AccountInfoDTO.swift */,
			);
			path = Models;
			sourceTree = "<group>";
		};
		68B7A8912A842559003EA804 /* Binance */ = {
			isa = PBXGroup;
			children = (
				68ADEFCC2A7FCBDB00ED207F /* BalanceBinance.swift */,
				688105C82AB1B79F00D70ABC /* AccountInfoBinance.swift */,
			);
			path = Binance;
			sourceTree = "<group>";
		};
		68B94EBA2AA6149100D8BC05 /* Endpoints */ = {
			isa = PBXGroup;
			children = (
				68B94EBB2AA614B100D8BC05 /* BalanceBinanceEndpoint.swift */,
				688105C52AB1B51C00D70ABC /* AccountInfoBinanceEndpoint.swift */,
			);
			path = Endpoints;
			sourceTree = "<group>";
		};
		68DB77742A7D7E29001DD8EF /* BussinesLogic */ = {
			isa = PBXGroup;
			children = (
				68DB77752A7D7E53001DD8EF /* Network */,
			);
			path = BussinesLogic;
			sourceTree = "<group>";
		};
		68DB77752A7D7E53001DD8EF /* Network */ = {
			isa = PBXGroup;
			children = (
				68ADEFC22A7F937600ED207F /* API */,
				6887270A2A7D956800C29233 /* Brokers */,
			);
			path = Network;
			sourceTree = "<group>";
		};
		802E0F65614CEF26A62BF110 /* Frameworks */ = {
			isa = PBXGroup;
			children = (
				8D967E4DDD3358254776837A /* Pods_ITCnance___Staging.framework */,
				6F827176633C5202EBD6E102 /* Pods_ITCnance_ITCnanceUITests.framework */,
				F7B8D7B16A16ACF087C8EE47 /* Pods_ITCnanceTests.framework */,
				715FB0ACDF1C9983FD9E5C3F /* Pods_ITCnance___Dev.framework */,
			);
			name = Frameworks;
			sourceTree = "<group>";
		};
		ADBD54A7E1DDC60CD57DAABB /* Pods */ = {
			isa = PBXGroup;
			children = (
				B3DEE87633FC0C21294F248C /* Pods-ITCnance.debug.xcconfig */,
				002897F17C5C98E7569F6553 /* Pods-ITCnance.release.xcconfig */,
				6F54DCF1C4396F7D655CBA47 /* Pods-ITCnance - Staging.debug.xcconfig */,
				93410BE86E33CBC403DAE1E2 /* Pods-ITCnance - Staging.release.xcconfig */,
				B05B0385F0AEEED829DE609C /* Pods-ITCnance-ITCnanceUITests.debug.xcconfig */,
				78291B28C2C891C3DC950B99 /* Pods-ITCnance-ITCnanceUITests.release.xcconfig */,
				8EFA9D9B9402840B47226053 /* Pods-ITCnanceTests.debug.xcconfig */,
				261434B25A145276279E482C /* Pods-ITCnanceTests.release.xcconfig */,
				D1963DF1B5727DA01740B83A /* Pods-ITCnance - Dev.debug.xcconfig */,
				02508F0DA5FB5A6D7C68E3B7 /* Pods-ITCnance - Dev.release.xcconfig */,
			);
			path = Pods;
			sourceTree = "<group>";
		};
/* End PBXGroup section */

/* Begin PBXNativeTarget section */
		687330412A4F5CFC005283A0 /* ITCnance */ = {
			isa = PBXNativeTarget;
			buildConfigurationList = 687330662A4F5CFD005283A0 /* Build configuration list for PBXNativeTarget "ITCnance" */;
			buildPhases = (
				937358791D84DC9D8E17BCC7 /* [CP] Check Pods Manifest.lock */,
				6873303E2A4F5CFC005283A0 /* Sources */,
				6873303F2A4F5CFC005283A0 /* Frameworks */,
				687330402A4F5CFC005283A0 /* Resources */,
				6D3361DA547FA1625DB52E09 /* [CP] Embed Pods Frameworks */,
			);
			buildRules = (
			);
			dependencies = (
			);
			name = ITCnance;
			productName = ITCnance;
			productReference = 687330422A4F5CFC005283A0 /* ITCnance.app */;
			productType = "com.apple.product-type.application";
		};
		687330512A4F5CFD005283A0 /* ITCnanceTests */ = {
			isa = PBXNativeTarget;
			buildConfigurationList = 687330692A4F5CFD005283A0 /* Build configuration list for PBXNativeTarget "ITCnanceTests" */;
			buildPhases = (
				3DA0D75C9962699BF0FDEA01 /* [CP] Check Pods Manifest.lock */,
				6873304E2A4F5CFD005283A0 /* Sources */,
				6873304F2A4F5CFD005283A0 /* Frameworks */,
				687330502A4F5CFD005283A0 /* Resources */,
				817DD6E6601582C98EFC5E29 /* [CP] Embed Pods Frameworks */,
			);
			buildRules = (
			);
			dependencies = (
				687330542A4F5CFD005283A0 /* PBXTargetDependency */,
			);
			name = ITCnanceTests;
			productName = ITCnanceTests;
			productReference = 687330522A4F5CFD005283A0 /* ITCnanceTests.xctest */;
			productType = "com.apple.product-type.bundle.unit-test";
		};
		6873305B2A4F5CFD005283A0 /* ITCnanceUITests */ = {
			isa = PBXNativeTarget;
			buildConfigurationList = 6873306C2A4F5CFD005283A0 /* Build configuration list for PBXNativeTarget "ITCnanceUITests" */;
			buildPhases = (
				045BB15BB8402D6297FFD092 /* [CP] Check Pods Manifest.lock */,
				687330582A4F5CFD005283A0 /* Sources */,
				687330592A4F5CFD005283A0 /* Frameworks */,
				6873305A2A4F5CFD005283A0 /* Resources */,
				028646DB366B5851FB89A101 /* [CP] Embed Pods Frameworks */,
			);
			buildRules = (
			);
			dependencies = (
				6873305E2A4F5CFD005283A0 /* PBXTargetDependency */,
			);
			name = ITCnanceUITests;
			productName = ITCnanceUITests;
			productReference = 6873305C2A4F5CFD005283A0 /* ITCnanceUITests.xctest */;
			productType = "com.apple.product-type.bundle.ui-testing";
		};
		68A85EEF2A569AAB00EDFED1 /* ITCnance - Dev */ = {
			isa = PBXNativeTarget;
			buildConfigurationList = 68A85F142A569AAB00EDFED1 /* Build configuration list for PBXNativeTarget "ITCnance - Dev" */;
			buildPhases = (
				68A85EF02A569AAB00EDFED1 /* [CP] Check Pods Manifest.lock */,
				68A85EF12A569AAB00EDFED1 /* Sources */,
				68A85F0B2A569AAB00EDFED1 /* Frameworks */,
				68A85F0D2A569AAB00EDFED1 /* Resources */,
				68A85F132A569AAB00EDFED1 /* [CP] Embed Pods Frameworks */,
			);
			buildRules = (
			);
			dependencies = (
			);
			name = "ITCnance - Dev";
			productName = ITCnance;
			productReference = 68A85F172A569AAB00EDFED1 /* ITCnance - Dev.app */;
			productType = "com.apple.product-type.application";
		};
/* End PBXNativeTarget section */

/* Begin PBXProject section */
		6873303A2A4F5CFC005283A0 /* Project object */ = {
			isa = PBXProject;
			attributes = {
				BuildIndependentTargetsInParallel = 1;
				LastSwiftUpdateCheck = 1430;
				LastUpgradeCheck = 1430;
				TargetAttributes = {
					687330412A4F5CFC005283A0 = {
						CreatedOnToolsVersion = 14.3;
					};
					687330512A4F5CFD005283A0 = {
						CreatedOnToolsVersion = 14.3;
						TestTargetID = 687330412A4F5CFC005283A0;
					};
					6873305B2A4F5CFD005283A0 = {
						CreatedOnToolsVersion = 14.3;
						TestTargetID = 687330412A4F5CFC005283A0;
					};
				};
			};
			buildConfigurationList = 6873303D2A4F5CFC005283A0 /* Build configuration list for PBXProject "ITCnance" */;
			compatibilityVersion = "Xcode 14.0";
			developmentRegion = en;
			hasScannedForEncodings = 0;
			knownRegions = (
				en,
				Base,
				pl,
			);
			mainGroup = 687330392A4F5CFC005283A0;
			productRefGroup = 687330432A4F5CFC005283A0 /* Products */;
			projectDirPath = "";
			projectRoot = "";
			targets = (
				687330412A4F5CFC005283A0 /* ITCnance */,
				68A85EEF2A569AAB00EDFED1 /* ITCnance - Dev */,
				687330512A4F5CFD005283A0 /* ITCnanceTests */,
				6873305B2A4F5CFD005283A0 /* ITCnanceUITests */,
			);
		};
/* End PBXProject section */

/* Begin PBXResourcesBuildPhase section */
		687330402A4F5CFC005283A0 /* Resources */ = {
			isa = PBXResourcesBuildPhase;
			buildActionMask = 2147483647;
			files = (
				68ACBEC12A5347C0006B5D7B /* Localizable.strings in Resources */,
				687330792A4F6436005283A0 /* Colors.xcassets in Resources */,
				68ACBEBC2A534705006B5D7B /* Localizable.strings in Resources */,
				6873304D2A4F5CFD005283A0 /* Preview Assets.xcassets in Resources */,
				6873304A2A4F5CFD005283A0 /* Assets.xcassets in Resources */,
			);
			runOnlyForDeploymentPostprocessing = 0;
		};
		687330502A4F5CFD005283A0 /* Resources */ = {
			isa = PBXResourcesBuildPhase;
			buildActionMask = 2147483647;
			files = (
			);
			runOnlyForDeploymentPostprocessing = 0;
		};
		6873305A2A4F5CFD005283A0 /* Resources */ = {
			isa = PBXResourcesBuildPhase;
			buildActionMask = 2147483647;
			files = (
			);
			runOnlyForDeploymentPostprocessing = 0;
		};
		68A85F0D2A569AAB00EDFED1 /* Resources */ = {
			isa = PBXResourcesBuildPhase;
			buildActionMask = 2147483647;
			files = (
				68A85F0E2A569AAB00EDFED1 /* Localizable.strings in Resources */,
				68A85F0F2A569AAB00EDFED1 /* Colors.xcassets in Resources */,
				68A85F102A569AAB00EDFED1 /* Localizable.strings in Resources */,
				68A85F112A569AAB00EDFED1 /* Preview Assets.xcassets in Resources */,
				68A85F122A569AAB00EDFED1 /* Assets.xcassets in Resources */,
			);
			runOnlyForDeploymentPostprocessing = 0;
		};
/* End PBXResourcesBuildPhase section */

/* Begin PBXShellScriptBuildPhase section */
		028646DB366B5851FB89A101 /* [CP] Embed Pods Frameworks */ = {
			isa = PBXShellScriptBuildPhase;
			buildActionMask = 2147483647;
			files = (
			);
			inputFileListPaths = (
				"${PODS_ROOT}/Target Support Files/Pods-ITCnance-ITCnanceUITests/Pods-ITCnance-ITCnanceUITests-frameworks-${CONFIGURATION}-input-files.xcfilelist",
			);
			name = "[CP] Embed Pods Frameworks";
			outputFileListPaths = (
				"${PODS_ROOT}/Target Support Files/Pods-ITCnance-ITCnanceUITests/Pods-ITCnance-ITCnanceUITests-frameworks-${CONFIGURATION}-output-files.xcfilelist",
			);
			runOnlyForDeploymentPostprocessing = 0;
			shellPath = /bin/sh;
			shellScript = "\"${PODS_ROOT}/Target Support Files/Pods-ITCnance-ITCnanceUITests/Pods-ITCnance-ITCnanceUITests-frameworks.sh\"\n";
			showEnvVarsInLog = 0;
		};
		045BB15BB8402D6297FFD092 /* [CP] Check Pods Manifest.lock */ = {
			isa = PBXShellScriptBuildPhase;
			buildActionMask = 2147483647;
			files = (
			);
			inputFileListPaths = (
			);
			inputPaths = (
				"${PODS_PODFILE_DIR_PATH}/Podfile.lock",
				"${PODS_ROOT}/Manifest.lock",
			);
			name = "[CP] Check Pods Manifest.lock";
			outputFileListPaths = (
			);
			outputPaths = (
				"$(DERIVED_FILE_DIR)/Pods-ITCnance-ITCnanceUITests-checkManifestLockResult.txt",
			);
			runOnlyForDeploymentPostprocessing = 0;
			shellPath = /bin/sh;
			shellScript = "diff \"${PODS_PODFILE_DIR_PATH}/Podfile.lock\" \"${PODS_ROOT}/Manifest.lock\" > /dev/null\nif [ $? != 0 ] ; then\n    # print error to STDERR\n    echo \"error: The sandbox is not in sync with the Podfile.lock. Run 'pod install' or update your CocoaPods installation.\" >&2\n    exit 1\nfi\n# This output is used by Xcode 'outputs' to avoid re-running this script phase.\necho \"SUCCESS\" > \"${SCRIPT_OUTPUT_FILE_0}\"\n";
			showEnvVarsInLog = 0;
		};
		3DA0D75C9962699BF0FDEA01 /* [CP] Check Pods Manifest.lock */ = {
			isa = PBXShellScriptBuildPhase;
			buildActionMask = 2147483647;
			files = (
			);
			inputFileListPaths = (
			);
			inputPaths = (
				"${PODS_PODFILE_DIR_PATH}/Podfile.lock",
				"${PODS_ROOT}/Manifest.lock",
			);
			name = "[CP] Check Pods Manifest.lock";
			outputFileListPaths = (
			);
			outputPaths = (
				"$(DERIVED_FILE_DIR)/Pods-ITCnanceTests-checkManifestLockResult.txt",
			);
			runOnlyForDeploymentPostprocessing = 0;
			shellPath = /bin/sh;
			shellScript = "diff \"${PODS_PODFILE_DIR_PATH}/Podfile.lock\" \"${PODS_ROOT}/Manifest.lock\" > /dev/null\nif [ $? != 0 ] ; then\n    # print error to STDERR\n    echo \"error: The sandbox is not in sync with the Podfile.lock. Run 'pod install' or update your CocoaPods installation.\" >&2\n    exit 1\nfi\n# This output is used by Xcode 'outputs' to avoid re-running this script phase.\necho \"SUCCESS\" > \"${SCRIPT_OUTPUT_FILE_0}\"\n";
			showEnvVarsInLog = 0;
		};
		68A85EF02A569AAB00EDFED1 /* [CP] Check Pods Manifest.lock */ = {
			isa = PBXShellScriptBuildPhase;
			buildActionMask = 2147483647;
			files = (
			);
			inputFileListPaths = (
			);
			inputPaths = (
				"${PODS_PODFILE_DIR_PATH}/Podfile.lock",
				"${PODS_ROOT}/Manifest.lock",
			);
			name = "[CP] Check Pods Manifest.lock";
			outputFileListPaths = (
			);
			outputPaths = (
				"$(DERIVED_FILE_DIR)/Pods-ITCnance - Dev-checkManifestLockResult.txt",
			);
			runOnlyForDeploymentPostprocessing = 0;
			shellPath = /bin/sh;
			shellScript = "diff \"${PODS_PODFILE_DIR_PATH}/Podfile.lock\" \"${PODS_ROOT}/Manifest.lock\" > /dev/null\nif [ $? != 0 ] ; then\n    # print error to STDERR\n    echo \"error: The sandbox is not in sync with the Podfile.lock. Run 'pod install' or update your CocoaPods installation.\" >&2\n    exit 1\nfi\n# This output is used by Xcode 'outputs' to avoid re-running this script phase.\necho \"SUCCESS\" > \"${SCRIPT_OUTPUT_FILE_0}\"\n";
			showEnvVarsInLog = 0;
		};
		68A85F132A569AAB00EDFED1 /* [CP] Embed Pods Frameworks */ = {
			isa = PBXShellScriptBuildPhase;
			buildActionMask = 2147483647;
			files = (
			);
			inputFileListPaths = (
				"${PODS_ROOT}/Target Support Files/Pods-ITCnance - Dev/Pods-ITCnance - Dev-frameworks-${CONFIGURATION}-input-files.xcfilelist",
			);
			name = "[CP] Embed Pods Frameworks";
			outputFileListPaths = (
				"${PODS_ROOT}/Target Support Files/Pods-ITCnance - Dev/Pods-ITCnance - Dev-frameworks-${CONFIGURATION}-output-files.xcfilelist",
			);
			runOnlyForDeploymentPostprocessing = 0;
			shellPath = /bin/sh;
			shellScript = "\"${PODS_ROOT}/Target Support Files/Pods-ITCnance - Dev/Pods-ITCnance - Dev-frameworks.sh\"\n";
			showEnvVarsInLog = 0;
		};
		6D3361DA547FA1625DB52E09 /* [CP] Embed Pods Frameworks */ = {
			isa = PBXShellScriptBuildPhase;
			buildActionMask = 2147483647;
			files = (
			);
			inputFileListPaths = (
				"${PODS_ROOT}/Target Support Files/Pods-ITCnance/Pods-ITCnance-frameworks-${CONFIGURATION}-input-files.xcfilelist",
			);
			name = "[CP] Embed Pods Frameworks";
			outputFileListPaths = (
				"${PODS_ROOT}/Target Support Files/Pods-ITCnance/Pods-ITCnance-frameworks-${CONFIGURATION}-output-files.xcfilelist",
			);
			runOnlyForDeploymentPostprocessing = 0;
			shellPath = /bin/sh;
			shellScript = "\"${PODS_ROOT}/Target Support Files/Pods-ITCnance/Pods-ITCnance-frameworks.sh\"\n";
			showEnvVarsInLog = 0;
		};
		817DD6E6601582C98EFC5E29 /* [CP] Embed Pods Frameworks */ = {
			isa = PBXShellScriptBuildPhase;
			buildActionMask = 2147483647;
			files = (
			);
			inputFileListPaths = (
				"${PODS_ROOT}/Target Support Files/Pods-ITCnanceTests/Pods-ITCnanceTests-frameworks-${CONFIGURATION}-input-files.xcfilelist",
			);
			name = "[CP] Embed Pods Frameworks";
			outputFileListPaths = (
				"${PODS_ROOT}/Target Support Files/Pods-ITCnanceTests/Pods-ITCnanceTests-frameworks-${CONFIGURATION}-output-files.xcfilelist",
			);
			runOnlyForDeploymentPostprocessing = 0;
			shellPath = /bin/sh;
			shellScript = "\"${PODS_ROOT}/Target Support Files/Pods-ITCnanceTests/Pods-ITCnanceTests-frameworks.sh\"\n";
			showEnvVarsInLog = 0;
		};
		937358791D84DC9D8E17BCC7 /* [CP] Check Pods Manifest.lock */ = {
			isa = PBXShellScriptBuildPhase;
			buildActionMask = 2147483647;
			files = (
			);
			inputFileListPaths = (
			);
			inputPaths = (
				"${PODS_PODFILE_DIR_PATH}/Podfile.lock",
				"${PODS_ROOT}/Manifest.lock",
			);
			name = "[CP] Check Pods Manifest.lock";
			outputFileListPaths = (
			);
			outputPaths = (
				"$(DERIVED_FILE_DIR)/Pods-ITCnance-checkManifestLockResult.txt",
			);
			runOnlyForDeploymentPostprocessing = 0;
			shellPath = /bin/sh;
			shellScript = "diff \"${PODS_PODFILE_DIR_PATH}/Podfile.lock\" \"${PODS_ROOT}/Manifest.lock\" > /dev/null\nif [ $? != 0 ] ; then\n    # print error to STDERR\n    echo \"error: The sandbox is not in sync with the Podfile.lock. Run 'pod install' or update your CocoaPods installation.\" >&2\n    exit 1\nfi\n# This output is used by Xcode 'outputs' to avoid re-running this script phase.\necho \"SUCCESS\" > \"${SCRIPT_OUTPUT_FILE_0}\"\n";
			showEnvVarsInLog = 0;
		};
/* End PBXShellScriptBuildPhase section */

/* Begin PBXSourcesBuildPhase section */
		6873303E2A4F5CFC005283A0 /* Sources */ = {
			isa = PBXSourcesBuildPhase;
			buildActionMask = 2147483647;
			files = (
				68ACBEB02A52D83E006B5D7B /* VShape.swift in Sources */,
				6899971F2AA4AB6300671E34 /* URLBuilder.swift in Sources */,
				68B94EC12AA66F6100D8BC05 /* String+ensurePrefixSlash.swift in Sources */,
				6899971C2AA4AA6700671E34 /* Endpoint.swift in Sources */,
				68ADEFBA2A7F72CC00ED207F /* RequestManager.swift in Sources */,
				688105CC2AB1BAAF00D70ABC /* AccountInfoDTO.swift in Sources */,
				687330772A4F6299005283A0 /* LoginViewModel.swift in Sources */,
				6887270C2A7D957C00C29233 /* BinanceProvider.swift in Sources */,
				68DB77772A7D7EE6001DD8EF /* BrokerProvider.swift in Sources */,
				689997192AA4AA2500671E34 /* BinanceURLBuilder.swift in Sources */,
				68ACBEB52A533228006B5D7B /* CustomButtonStyle.swift in Sources */,
				68AEFABC2A80AD1000BDD192 /* [URLQueryItem]+queryString.swift in Sources */,
				68B94EBC2AA614B100D8BC05 /* BalanceBinanceEndpoint.swift in Sources */,
				68ACBEA92A52B8FF006B5D7B /* LogoView.swift in Sources */,
				687330732A4F61C7005283A0 /* LoginView.swift in Sources */,
				6887270F2A7D95BD00C29233 /* URLSession+HTTPWorker.swift in Sources */,
				688105C92AB1B79F00D70ABC /* AccountInfoBinance.swift in Sources */,
				68ACBEDF2A5357B1006B5D7B /* Constants.swift in Sources */,
				68ACBEA72A52B714006B5D7B /* QuarterLogoView.swift in Sources */,
				68ACBEAC2A52D74B006B5D7B /* QuarterCircleShape.swift in Sources */,
				68ACBEC92A5349F7006B5D7B /* View+fixedHeight.swift in Sources */,
				68ADEFCD2A7FCBDB00ED207F /* BalanceBinance.swift in Sources */,
				688105C62AB1B51C00D70ABC /* AccountInfoBinanceEndpoint.swift in Sources */,
				68ACBEAE2A52D819006B5D7B /* TriangleShape.swift in Sources */,
				680DCF9E2A7C447F00A2B2E8 /* String+localized.swift in Sources */,
				687330482A4F5CFC005283A0 /* MainContentView.swift in Sources */,
				68ACBEB82A5332A9006B5D7B /* CustomTextFieldType.swift in Sources */,
				687330462A4F5CFC005283A0 /* MainApp.swift in Sources */,
				68ADEFC02A7F932700ED207F /* NetworkProvider.swift in Sources */,
				688105C32AB1A8EC00D70ABC /* ErrorMessage.swift in Sources */,
				68ACBECB2A534A7C006B5D7B /* CustomTextFieldStyle.swift in Sources */,
				68ACBEC62A5348FB006B5D7B /* CustomTextFieldView.swift in Sources */,
			);
			runOnlyForDeploymentPostprocessing = 0;
		};
		6873304E2A4F5CFD005283A0 /* Sources */ = {
			isa = PBXSourcesBuildPhase;
			buildActionMask = 2147483647;
			files = (
				68B94EBF2AA6679800D8BC05 /* BinanceURLBuilderTests.swift in Sources */,
				689E5BAF2AB8D6D600855293 /* NetworkProviderTests.swift in Sources */,
				688C187F2AB398D800927F0D /* RequestManagerTests.swift in Sources */,
				68AA38162ABE18F40081D8A5 /* BinanceProviderTests.swift in Sources */,
			);
			runOnlyForDeploymentPostprocessing = 0;
		};
		687330582A4F5CFD005283A0 /* Sources */ = {
			isa = PBXSourcesBuildPhase;
			buildActionMask = 2147483647;
			files = (
				687330632A4F5CFD005283A0 /* ITCnanceUITestsLaunchTests.swift in Sources */,
				687330612A4F5CFD005283A0 /* ITCnanceUITests.swift in Sources */,
			);
			runOnlyForDeploymentPostprocessing = 0;
		};
		68A85EF12A569AAB00EDFED1 /* Sources */ = {
			isa = PBXSourcesBuildPhase;
			buildActionMask = 2147483647;
			files = (
				68A85EF32A569AAB00EDFED1 /* VShape.swift in Sources */,
				689997202AA4AB6300671E34 /* URLBuilder.swift in Sources */,
				68B94EC22AA66F6100D8BC05 /* String+ensurePrefixSlash.swift in Sources */,
				6899971D2AA4AA6700671E34 /* Endpoint.swift in Sources */,
				68ADEFBB2A7F72CD00ED207F /* RequestManager.swift in Sources */,
				688105CD2AB1BAAF00D70ABC /* AccountInfoDTO.swift in Sources */,
				68A85EF62A569AAB00EDFED1 /* LoginViewModel.swift in Sources */,
				6887270D2A7D957C00C29233 /* BinanceProvider.swift in Sources */,
				68DB77782A7D7EE6001DD8EF /* BrokerProvider.swift in Sources */,
				6899971A2AA4AA2500671E34 /* BinanceURLBuilder.swift in Sources */,
				68A85EF82A569AAB00EDFED1 /* CustomButtonStyle.swift in Sources */,
				68AEFABD2A80AD1000BDD192 /* [URLQueryItem]+queryString.swift in Sources */,
				68B94EBD2AA614B100D8BC05 /* BalanceBinanceEndpoint.swift in Sources */,
				68A85EFA2A569AAB00EDFED1 /* LogoView.swift in Sources */,
				68A85EFB2A569AAB00EDFED1 /* LoginView.swift in Sources */,
				688727102A7D95BD00C29233 /* URLSession+HTTPWorker.swift in Sources */,
				688105CA2AB1B79F00D70ABC /* AccountInfoBinance.swift in Sources */,
				68A85EFC2A569AAB00EDFED1 /* Constants.swift in Sources */,
				68A85EFD2A569AAB00EDFED1 /* QuarterLogoView.swift in Sources */,
				68A85EFF2A569AAB00EDFED1 /* QuarterCircleShape.swift in Sources */,
				68A85F002A569AAB00EDFED1 /* View+fixedHeight.swift in Sources */,
				68ADEFCE2A7FCBDB00ED207F /* BalanceBinance.swift in Sources */,
				688105C72AB1B51C00D70ABC /* AccountInfoBinanceEndpoint.swift in Sources */,
				68A85F022A569AAB00EDFED1 /* TriangleShape.swift in Sources */,
				680DCF9F2A7C447F00A2B2E8 /* String+localized.swift in Sources */,
				68A85F042A569AAB00EDFED1 /* MainContentView.swift in Sources */,
				68A85F062A569AAB00EDFED1 /* CustomTextFieldType.swift in Sources */,
				68A85F072A569AAB00EDFED1 /* MainApp.swift in Sources */,
				68ADEFC12A7F932700ED207F /* NetworkProvider.swift in Sources */,
				688105C42AB1A8EC00D70ABC /* ErrorMessage.swift in Sources */,
				68A85F092A569AAB00EDFED1 /* CustomTextFieldStyle.swift in Sources */,
				68A85F0A2A569AAB00EDFED1 /* CustomTextFieldView.swift in Sources */,
			);
			runOnlyForDeploymentPostprocessing = 0;
		};
/* End PBXSourcesBuildPhase section */

/* Begin PBXTargetDependency section */
		687330542A4F5CFD005283A0 /* PBXTargetDependency */ = {
			isa = PBXTargetDependency;
			target = 687330412A4F5CFC005283A0 /* ITCnance */;
			targetProxy = 687330532A4F5CFD005283A0 /* PBXContainerItemProxy */;
		};
		6873305E2A4F5CFD005283A0 /* PBXTargetDependency */ = {
			isa = PBXTargetDependency;
			target = 687330412A4F5CFC005283A0 /* ITCnance */;
			targetProxy = 6873305D2A4F5CFD005283A0 /* PBXContainerItemProxy */;
		};
/* End PBXTargetDependency section */

/* Begin PBXVariantGroup section */
		68ACBEBE2A534705006B5D7B /* Localizable.strings */ = {
			isa = PBXVariantGroup;
			children = (
				68ACBEBD2A534705006B5D7B /* en */,
			);
			name = Localizable.strings;
			sourceTree = "<group>";
		};
		68ACBEC32A5347C0006B5D7B /* Localizable.strings */ = {
			isa = PBXVariantGroup;
			children = (
				68ACBEC22A5347C0006B5D7B /* pl */,
			);
			name = Localizable.strings;
			sourceTree = "<group>";
		};
/* End PBXVariantGroup section */

/* Begin XCBuildConfiguration section */
		687330642A4F5CFD005283A0 /* Debug */ = {
			isa = XCBuildConfiguration;
			buildSettings = {
				ALWAYS_SEARCH_USER_PATHS = NO;
				CLANG_ANALYZER_NONNULL = YES;
				CLANG_ANALYZER_NUMBER_OBJECT_CONVERSION = YES_AGGRESSIVE;
				CLANG_CXX_LANGUAGE_STANDARD = "gnu++20";
				CLANG_ENABLE_MODULES = YES;
				CLANG_ENABLE_OBJC_ARC = YES;
				CLANG_ENABLE_OBJC_WEAK = YES;
				CLANG_WARN_BLOCK_CAPTURE_AUTORELEASING = YES;
				CLANG_WARN_BOOL_CONVERSION = YES;
				CLANG_WARN_COMMA = YES;
				CLANG_WARN_CONSTANT_CONVERSION = YES;
				CLANG_WARN_DEPRECATED_OBJC_IMPLEMENTATIONS = YES;
				CLANG_WARN_DIRECT_OBJC_ISA_USAGE = YES_ERROR;
				CLANG_WARN_DOCUMENTATION_COMMENTS = YES;
				CLANG_WARN_EMPTY_BODY = YES;
				CLANG_WARN_ENUM_CONVERSION = YES;
				CLANG_WARN_INFINITE_RECURSION = YES;
				CLANG_WARN_INT_CONVERSION = YES;
				CLANG_WARN_NON_LITERAL_NULL_CONVERSION = YES;
				CLANG_WARN_OBJC_IMPLICIT_RETAIN_SELF = YES;
				CLANG_WARN_OBJC_LITERAL_CONVERSION = YES;
				CLANG_WARN_OBJC_ROOT_CLASS = YES_ERROR;
				CLANG_WARN_QUOTED_INCLUDE_IN_FRAMEWORK_HEADER = YES;
				CLANG_WARN_RANGE_LOOP_ANALYSIS = YES;
				CLANG_WARN_STRICT_PROTOTYPES = YES;
				CLANG_WARN_SUSPICIOUS_MOVE = YES;
				CLANG_WARN_UNGUARDED_AVAILABILITY = YES_AGGRESSIVE;
				CLANG_WARN_UNREACHABLE_CODE = YES;
				CLANG_WARN__DUPLICATE_METHOD_MATCH = YES;
				COPY_PHASE_STRIP = NO;
				DEBUG_INFORMATION_FORMAT = dwarf;
				ENABLE_STRICT_OBJC_MSGSEND = YES;
				ENABLE_TESTABILITY = YES;
				GCC_C_LANGUAGE_STANDARD = gnu11;
				GCC_DYNAMIC_NO_PIC = NO;
				GCC_NO_COMMON_BLOCKS = YES;
				GCC_OPTIMIZATION_LEVEL = 0;
				GCC_PREPROCESSOR_DEFINITIONS = (
					"DEBUG=1",
					"$(inherited)",
				);
				GCC_WARN_64_TO_32_BIT_CONVERSION = YES;
				GCC_WARN_ABOUT_RETURN_TYPE = YES_ERROR;
				GCC_WARN_UNDECLARED_SELECTOR = YES;
				GCC_WARN_UNINITIALIZED_AUTOS = YES_AGGRESSIVE;
				GCC_WARN_UNUSED_FUNCTION = YES;
				GCC_WARN_UNUSED_VARIABLE = YES;
				IPHONEOS_DEPLOYMENT_TARGET = 16.4;
				MTL_ENABLE_DEBUG_INFO = INCLUDE_SOURCE;
				MTL_FAST_MATH = YES;
				ONLY_ACTIVE_ARCH = YES;
				SDKROOT = iphoneos;
				SWIFT_ACTIVE_COMPILATION_CONDITIONS = DEBUG;
				SWIFT_OPTIMIZATION_LEVEL = "-Onone";
			};
			name = Debug;
		};
		687330652A4F5CFD005283A0 /* Release */ = {
			isa = XCBuildConfiguration;
			buildSettings = {
				ALWAYS_SEARCH_USER_PATHS = NO;
				CLANG_ANALYZER_NONNULL = YES;
				CLANG_ANALYZER_NUMBER_OBJECT_CONVERSION = YES_AGGRESSIVE;
				CLANG_CXX_LANGUAGE_STANDARD = "gnu++20";
				CLANG_ENABLE_MODULES = YES;
				CLANG_ENABLE_OBJC_ARC = YES;
				CLANG_ENABLE_OBJC_WEAK = YES;
				CLANG_WARN_BLOCK_CAPTURE_AUTORELEASING = YES;
				CLANG_WARN_BOOL_CONVERSION = YES;
				CLANG_WARN_COMMA = YES;
				CLANG_WARN_CONSTANT_CONVERSION = YES;
				CLANG_WARN_DEPRECATED_OBJC_IMPLEMENTATIONS = YES;
				CLANG_WARN_DIRECT_OBJC_ISA_USAGE = YES_ERROR;
				CLANG_WARN_DOCUMENTATION_COMMENTS = YES;
				CLANG_WARN_EMPTY_BODY = YES;
				CLANG_WARN_ENUM_CONVERSION = YES;
				CLANG_WARN_INFINITE_RECURSION = YES;
				CLANG_WARN_INT_CONVERSION = YES;
				CLANG_WARN_NON_LITERAL_NULL_CONVERSION = YES;
				CLANG_WARN_OBJC_IMPLICIT_RETAIN_SELF = YES;
				CLANG_WARN_OBJC_LITERAL_CONVERSION = YES;
				CLANG_WARN_OBJC_ROOT_CLASS = YES_ERROR;
				CLANG_WARN_QUOTED_INCLUDE_IN_FRAMEWORK_HEADER = YES;
				CLANG_WARN_RANGE_LOOP_ANALYSIS = YES;
				CLANG_WARN_STRICT_PROTOTYPES = YES;
				CLANG_WARN_SUSPICIOUS_MOVE = YES;
				CLANG_WARN_UNGUARDED_AVAILABILITY = YES_AGGRESSIVE;
				CLANG_WARN_UNREACHABLE_CODE = YES;
				CLANG_WARN__DUPLICATE_METHOD_MATCH = YES;
				COPY_PHASE_STRIP = NO;
				DEBUG_INFORMATION_FORMAT = "dwarf-with-dsym";
				ENABLE_NS_ASSERTIONS = NO;
				ENABLE_STRICT_OBJC_MSGSEND = YES;
				GCC_C_LANGUAGE_STANDARD = gnu11;
				GCC_NO_COMMON_BLOCKS = YES;
				GCC_WARN_64_TO_32_BIT_CONVERSION = YES;
				GCC_WARN_ABOUT_RETURN_TYPE = YES_ERROR;
				GCC_WARN_UNDECLARED_SELECTOR = YES;
				GCC_WARN_UNINITIALIZED_AUTOS = YES_AGGRESSIVE;
				GCC_WARN_UNUSED_FUNCTION = YES;
				GCC_WARN_UNUSED_VARIABLE = YES;
				IPHONEOS_DEPLOYMENT_TARGET = 16.4;
				MTL_ENABLE_DEBUG_INFO = NO;
				MTL_FAST_MATH = YES;
				SDKROOT = iphoneos;
				SWIFT_COMPILATION_MODE = wholemodule;
				SWIFT_OPTIMIZATION_LEVEL = "-O";
				VALIDATE_PRODUCT = YES;
			};
			name = Release;
		};
		687330672A4F5CFD005283A0 /* Debug */ = {
			isa = XCBuildConfiguration;
			baseConfigurationReference = B3DEE87633FC0C21294F248C /* Pods-ITCnance.debug.xcconfig */;
			buildSettings = {
				ASSETCATALOG_COMPILER_APPICON_NAME = AppIcon;
				ASSETCATALOG_COMPILER_GLOBAL_ACCENT_COLOR_NAME = AccentColor;
				CODE_SIGN_STYLE = Automatic;
				CURRENT_PROJECT_VERSION = 1;
				DEVELOPMENT_ASSET_PATHS = "\"ITCnance/Preview Content\"";
				DEVELOPMENT_TEAM = 7L3U8V3WMY;
				ENABLE_PREVIEWS = YES;
				GCC_PREPROCESSOR_DEFINITIONS = (
					"$(inherited)",
					"COCOAPODS=1",
				);
				GENERATE_INFOPLIST_FILE = YES;
				INFOPLIST_KEY_UIApplicationSceneManifest_Generation = YES;
				INFOPLIST_KEY_UIApplicationSupportsIndirectInputEvents = YES;
				INFOPLIST_KEY_UILaunchScreen_Generation = YES;
				INFOPLIST_KEY_UISupportedInterfaceOrientations_iPad = "UIInterfaceOrientationPortrait UIInterfaceOrientationPortraitUpsideDown UIInterfaceOrientationLandscapeLeft UIInterfaceOrientationLandscapeRight";
				INFOPLIST_KEY_UISupportedInterfaceOrientations_iPhone = "UIInterfaceOrientationPortrait UIInterfaceOrientationLandscapeLeft UIInterfaceOrientationLandscapeRight";
				LD_RUNPATH_SEARCH_PATHS = (
					"$(inherited)",
					"@executable_path/Frameworks",
				);
				MARKETING_VERSION = 1.0;
				PRODUCT_BUNDLE_IDENTIFIER = com.ictnance.gmb.ITCnance;
				PRODUCT_NAME = "$(TARGET_NAME)";
				SWIFT_EMIT_LOC_STRINGS = YES;
				SWIFT_VERSION = 5.0;
				TARGETED_DEVICE_FAMILY = "1,2";
			};
			name = Debug;
		};
		687330682A4F5CFD005283A0 /* Release */ = {
			isa = XCBuildConfiguration;
			baseConfigurationReference = 002897F17C5C98E7569F6553 /* Pods-ITCnance.release.xcconfig */;
			buildSettings = {
				ASSETCATALOG_COMPILER_APPICON_NAME = AppIcon;
				ASSETCATALOG_COMPILER_GLOBAL_ACCENT_COLOR_NAME = AccentColor;
				CODE_SIGN_STYLE = Automatic;
				CURRENT_PROJECT_VERSION = 1;
				DEVELOPMENT_ASSET_PATHS = "\"ITCnance/Preview Content\"";
				DEVELOPMENT_TEAM = 9J9G82D337;
				ENABLE_PREVIEWS = YES;
				GCC_PREPROCESSOR_DEFINITIONS = (
					"$(inherited)",
					"COCOAPODS=1",
				);
				GENERATE_INFOPLIST_FILE = YES;
				INFOPLIST_KEY_UIApplicationSceneManifest_Generation = YES;
				INFOPLIST_KEY_UIApplicationSupportsIndirectInputEvents = YES;
				INFOPLIST_KEY_UILaunchScreen_Generation = YES;
				INFOPLIST_KEY_UISupportedInterfaceOrientations_iPad = "UIInterfaceOrientationPortrait UIInterfaceOrientationPortraitUpsideDown UIInterfaceOrientationLandscapeLeft UIInterfaceOrientationLandscapeRight";
				INFOPLIST_KEY_UISupportedInterfaceOrientations_iPhone = "UIInterfaceOrientationPortrait UIInterfaceOrientationLandscapeLeft UIInterfaceOrientationLandscapeRight";
				LD_RUNPATH_SEARCH_PATHS = (
					"$(inherited)",
					"@executable_path/Frameworks",
				);
				MARKETING_VERSION = 1.0;
				PRODUCT_BUNDLE_IDENTIFIER = com.ictnance.gmb.ITCnance;
				PRODUCT_NAME = "$(TARGET_NAME)";
				SWIFT_EMIT_LOC_STRINGS = YES;
				SWIFT_VERSION = 5.0;
				TARGETED_DEVICE_FAMILY = "1,2";
			};
			name = Release;
		};
		6873306A2A4F5CFD005283A0 /* Debug */ = {
			isa = XCBuildConfiguration;
			baseConfigurationReference = 8EFA9D9B9402840B47226053 /* Pods-ITCnanceTests.debug.xcconfig */;
			buildSettings = {
				ALWAYS_EMBED_SWIFT_STANDARD_LIBRARIES = YES;
				BUNDLE_LOADER = "$(TEST_HOST)";
				CODE_SIGN_STYLE = Automatic;
				CURRENT_PROJECT_VERSION = 1;
				DEVELOPMENT_TEAM = 9J9G82D337;
				GENERATE_INFOPLIST_FILE = YES;
				IPHONEOS_DEPLOYMENT_TARGET = 16.4;
				MARKETING_VERSION = 1.0;
				PRODUCT_BUNDLE_IDENTIFIER = com.ictnance.gmb.ITCnanceTests;
				PRODUCT_NAME = "$(TARGET_NAME)";
				SWIFT_EMIT_LOC_STRINGS = NO;
				SWIFT_VERSION = 5.0;
				TARGETED_DEVICE_FAMILY = "1,2";
				TEST_HOST = "$(BUILT_PRODUCTS_DIR)/ITCnance.app/$(BUNDLE_EXECUTABLE_FOLDER_PATH)/ITCnance";
			};
			name = Debug;
		};
		6873306B2A4F5CFD005283A0 /* Release */ = {
			isa = XCBuildConfiguration;
			baseConfigurationReference = 261434B25A145276279E482C /* Pods-ITCnanceTests.release.xcconfig */;
			buildSettings = {
				ALWAYS_EMBED_SWIFT_STANDARD_LIBRARIES = YES;
				BUNDLE_LOADER = "$(TEST_HOST)";
				CODE_SIGN_STYLE = Automatic;
				CURRENT_PROJECT_VERSION = 1;
				DEVELOPMENT_TEAM = 9J9G82D337;
				GENERATE_INFOPLIST_FILE = YES;
				IPHONEOS_DEPLOYMENT_TARGET = 16.4;
				MARKETING_VERSION = 1.0;
				PRODUCT_BUNDLE_IDENTIFIER = com.ictnance.gmb.ITCnanceTests;
				PRODUCT_NAME = "$(TARGET_NAME)";
				SWIFT_EMIT_LOC_STRINGS = NO;
				SWIFT_VERSION = 5.0;
				TARGETED_DEVICE_FAMILY = "1,2";
				TEST_HOST = "$(BUILT_PRODUCTS_DIR)/ITCnance.app/$(BUNDLE_EXECUTABLE_FOLDER_PATH)/ITCnance";
			};
			name = Release;
		};
		6873306D2A4F5CFD005283A0 /* Debug */ = {
			isa = XCBuildConfiguration;
			baseConfigurationReference = B05B0385F0AEEED829DE609C /* Pods-ITCnance-ITCnanceUITests.debug.xcconfig */;
			buildSettings = {
				ALWAYS_EMBED_SWIFT_STANDARD_LIBRARIES = YES;
				CODE_SIGN_STYLE = Automatic;
				CURRENT_PROJECT_VERSION = 1;
				DEVELOPMENT_TEAM = 7L3U8V3WMY;
				GENERATE_INFOPLIST_FILE = YES;
				MARKETING_VERSION = 1.0;
				PRODUCT_BUNDLE_IDENTIFIER = com.ictnance.gmb.ITCnanceUITests;
				PRODUCT_NAME = "$(TARGET_NAME)";
				SWIFT_EMIT_LOC_STRINGS = NO;
				SWIFT_VERSION = 5.0;
				TARGETED_DEVICE_FAMILY = "1,2";
				TEST_TARGET_NAME = ITCnance;
			};
			name = Debug;
		};
		6873306E2A4F5CFD005283A0 /* Release */ = {
			isa = XCBuildConfiguration;
			baseConfigurationReference = 78291B28C2C891C3DC950B99 /* Pods-ITCnance-ITCnanceUITests.release.xcconfig */;
			buildSettings = {
				ALWAYS_EMBED_SWIFT_STANDARD_LIBRARIES = YES;
				CODE_SIGN_STYLE = Automatic;
				CURRENT_PROJECT_VERSION = 1;
				DEVELOPMENT_TEAM = 7L3U8V3WMY;
				GENERATE_INFOPLIST_FILE = YES;
				MARKETING_VERSION = 1.0;
				PRODUCT_BUNDLE_IDENTIFIER = com.ictnance.gmb.ITCnanceUITests;
				PRODUCT_NAME = "$(TARGET_NAME)";
				SWIFT_EMIT_LOC_STRINGS = NO;
				SWIFT_VERSION = 5.0;
				TARGETED_DEVICE_FAMILY = "1,2";
				TEST_TARGET_NAME = ITCnance;
			};
			name = Release;
		};
		68A85F152A569AAB00EDFED1 /* Debug */ = {
			isa = XCBuildConfiguration;
			baseConfigurationReference = D1963DF1B5727DA01740B83A /* Pods-ITCnance - Dev.debug.xcconfig */;
			buildSettings = {
				ASSETCATALOG_COMPILER_APPICON_NAME = AppIcon;
				ASSETCATALOG_COMPILER_GLOBAL_ACCENT_COLOR_NAME = AccentColor;
				CODE_SIGN_STYLE = Automatic;
				CURRENT_PROJECT_VERSION = 1;
				DEVELOPMENT_ASSET_PATHS = "\"ITCnance/Preview Content\"";
				DEVELOPMENT_TEAM = 7L3U8V3WMY;
				ENABLE_PREVIEWS = YES;
				GCC_PREPROCESSOR_DEFINITIONS = (
					"$(inherited)",
					"COCOAPODS=1",
				);
				GENERATE_INFOPLIST_FILE = YES;
				INFOPLIST_KEY_UIApplicationSceneManifest_Generation = YES;
				INFOPLIST_KEY_UIApplicationSupportsIndirectInputEvents = YES;
				INFOPLIST_KEY_UILaunchScreen_Generation = YES;
				INFOPLIST_KEY_UISupportedInterfaceOrientations_iPad = "UIInterfaceOrientationPortrait UIInterfaceOrientationPortraitUpsideDown UIInterfaceOrientationLandscapeLeft UIInterfaceOrientationLandscapeRight";
				INFOPLIST_KEY_UISupportedInterfaceOrientations_iPhone = "UIInterfaceOrientationPortrait UIInterfaceOrientationLandscapeLeft UIInterfaceOrientationLandscapeRight";
				LD_RUNPATH_SEARCH_PATHS = (
					"$(inherited)",
					"@executable_path/Frameworks",
				);
				MARKETING_VERSION = 1.0;
				OTHER_SWIFT_FLAGS = "$(inherited) -D COCOAPODS -D DEVELOPMENT";
				PRODUCT_BUNDLE_IDENTIFIER = com.ictnance.gmb.ITCnance;
				PRODUCT_NAME = "$(TARGET_NAME)";
				SWIFT_EMIT_LOC_STRINGS = YES;
				SWIFT_VERSION = 5.0;
				TARGETED_DEVICE_FAMILY = "1,2";
			};
			name = Debug;
		};
		68A85F162A569AAB00EDFED1 /* Release */ = {
			isa = XCBuildConfiguration;
			baseConfigurationReference = 02508F0DA5FB5A6D7C68E3B7 /* Pods-ITCnance - Dev.release.xcconfig */;
			buildSettings = {
				ASSETCATALOG_COMPILER_APPICON_NAME = AppIcon;
				ASSETCATALOG_COMPILER_GLOBAL_ACCENT_COLOR_NAME = AccentColor;
				CODE_SIGN_STYLE = Automatic;
				CURRENT_PROJECT_VERSION = 1;
				DEVELOPMENT_ASSET_PATHS = "\"ITCnance/Preview Content\"";
				DEVELOPMENT_TEAM = 9J9G82D337;
				ENABLE_PREVIEWS = YES;
				GCC_PREPROCESSOR_DEFINITIONS = (
					"$(inherited)",
					"COCOAPODS=1",
				);
				GENERATE_INFOPLIST_FILE = YES;
				INFOPLIST_KEY_UIApplicationSceneManifest_Generation = YES;
				INFOPLIST_KEY_UIApplicationSupportsIndirectInputEvents = YES;
				INFOPLIST_KEY_UILaunchScreen_Generation = YES;
				INFOPLIST_KEY_UISupportedInterfaceOrientations_iPad = "UIInterfaceOrientationPortrait UIInterfaceOrientationPortraitUpsideDown UIInterfaceOrientationLandscapeLeft UIInterfaceOrientationLandscapeRight";
				INFOPLIST_KEY_UISupportedInterfaceOrientations_iPhone = "UIInterfaceOrientationPortrait UIInterfaceOrientationLandscapeLeft UIInterfaceOrientationLandscapeRight";
				LD_RUNPATH_SEARCH_PATHS = (
					"$(inherited)",
					"@executable_path/Frameworks",
				);
				MARKETING_VERSION = 1.0;
				OTHER_SWIFT_FLAGS = "$(inherited) -D COCOAPODS -D DEVELOPMENT";
				PRODUCT_BUNDLE_IDENTIFIER = com.ictnance.gmb.ITCnance;
				PRODUCT_NAME = "$(TARGET_NAME)";
				SWIFT_EMIT_LOC_STRINGS = YES;
				SWIFT_VERSION = 5.0;
				TARGETED_DEVICE_FAMILY = "1,2";
			};
			name = Release;
		};
/* End XCBuildConfiguration section */

/* Begin XCConfigurationList section */
		6873303D2A4F5CFC005283A0 /* Build configuration list for PBXProject "ITCnance" */ = {
			isa = XCConfigurationList;
			buildConfigurations = (
				687330642A4F5CFD005283A0 /* Debug */,
				687330652A4F5CFD005283A0 /* Release */,
			);
			defaultConfigurationIsVisible = 0;
			defaultConfigurationName = Release;
		};
		687330662A4F5CFD005283A0 /* Build configuration list for PBXNativeTarget "ITCnance" */ = {
			isa = XCConfigurationList;
			buildConfigurations = (
				687330672A4F5CFD005283A0 /* Debug */,
				687330682A4F5CFD005283A0 /* Release */,
			);
			defaultConfigurationIsVisible = 0;
			defaultConfigurationName = Release;
		};
		687330692A4F5CFD005283A0 /* Build configuration list for PBXNativeTarget "ITCnanceTests" */ = {
			isa = XCConfigurationList;
			buildConfigurations = (
				6873306A2A4F5CFD005283A0 /* Debug */,
				6873306B2A4F5CFD005283A0 /* Release */,
			);
			defaultConfigurationIsVisible = 0;
			defaultConfigurationName = Release;
		};
		6873306C2A4F5CFD005283A0 /* Build configuration list for PBXNativeTarget "ITCnanceUITests" */ = {
			isa = XCConfigurationList;
			buildConfigurations = (
				6873306D2A4F5CFD005283A0 /* Debug */,
				6873306E2A4F5CFD005283A0 /* Release */,
			);
			defaultConfigurationIsVisible = 0;
			defaultConfigurationName = Release;
		};
		68A85F142A569AAB00EDFED1 /* Build configuration list for PBXNativeTarget "ITCnance - Dev" */ = {
			isa = XCConfigurationList;
			buildConfigurations = (
				68A85F152A569AAB00EDFED1 /* Debug */,
				68A85F162A569AAB00EDFED1 /* Release */,
			);
			defaultConfigurationIsVisible = 0;
			defaultConfigurationName = Release;
		};
/* End XCConfigurationList section */
	};
	rootObject = 6873303A2A4F5CFC005283A0 /* Project object */;
}
