// !$*UTF8*$!
{
	archiveVersion = 1;
	classes = {
	};
	objectVersion = 56;
	objects = {

/* Begin PBXBuildFile section */
		687330462A4F5CFC005283A0 /* MainApp.swift in Sources */ = {isa = PBXBuildFile; fileRef = 687330452A4F5CFC005283A0 /* MainApp.swift */; };
		687330482A4F5CFC005283A0 /* MainContentView.swift in Sources */ = {isa = PBXBuildFile; fileRef = 687330472A4F5CFC005283A0 /* MainContentView.swift */; };
		6873304A2A4F5CFD005283A0 /* Assets.xcassets in Resources */ = {isa = PBXBuildFile; fileRef = 687330492A4F5CFD005283A0 /* Assets.xcassets */; };
		6873304D2A4F5CFD005283A0 /* Preview Assets.xcassets in Resources */ = {isa = PBXBuildFile; fileRef = 6873304C2A4F5CFD005283A0 /* Preview Assets.xcassets */; };
		687330572A4F5CFD005283A0 /* ITCnanceTests.swift in Sources */ = {isa = PBXBuildFile; fileRef = 687330562A4F5CFD005283A0 /* ITCnanceTests.swift */; };
		687330612A4F5CFD005283A0 /* ITCnanceUITests.swift in Sources */ = {isa = PBXBuildFile; fileRef = 687330602A4F5CFD005283A0 /* ITCnanceUITests.swift */; };
		687330632A4F5CFD005283A0 /* ITCnanceUITestsLaunchTests.swift in Sources */ = {isa = PBXBuildFile; fileRef = 687330622A4F5CFD005283A0 /* ITCnanceUITestsLaunchTests.swift */; };
		687330732A4F61C7005283A0 /* LoginView.swift in Sources */ = {isa = PBXBuildFile; fileRef = 687330722A4F61C7005283A0 /* LoginView.swift */; };
		687330772A4F6299005283A0 /* LoginViewModel.swift in Sources */ = {isa = PBXBuildFile; fileRef = 687330762A4F6299005283A0 /* LoginViewModel.swift */; };
		687330792A4F6436005283A0 /* Colors.xcassets in Resources */ = {isa = PBXBuildFile; fileRef = 687330782A4F6436005283A0 /* Colors.xcassets */; };
		68ACBEA72A52B714006B5D7B /* QuarterLogoView.swift in Sources */ = {isa = PBXBuildFile; fileRef = 68ACBEA62A52B714006B5D7B /* QuarterLogoView.swift */; };
		68ACBEA92A52B8FF006B5D7B /* LogoView.swift in Sources */ = {isa = PBXBuildFile; fileRef = 68ACBEA82A52B8FF006B5D7B /* LogoView.swift */; };
		68ACBEAC2A52D74B006B5D7B /* QuarterCircleShape.swift in Sources */ = {isa = PBXBuildFile; fileRef = 68ACBEAB2A52D74B006B5D7B /* QuarterCircleShape.swift */; };
		68ACBEAE2A52D819006B5D7B /* TriangleShape.swift in Sources */ = {isa = PBXBuildFile; fileRef = 68ACBEAD2A52D819006B5D7B /* TriangleShape.swift */; };
		68ACBEB02A52D83E006B5D7B /* VShape.swift in Sources */ = {isa = PBXBuildFile; fileRef = 68ACBEAF2A52D83E006B5D7B /* VShape.swift */; };
		68ACBEB52A533228006B5D7B /* CustomButtonStyle.swift in Sources */ = {isa = PBXBuildFile; fileRef = 68ACBEB42A533228006B5D7B /* CustomButtonStyle.swift */; };
		68ACBEB82A5332A9006B5D7B /* CustomTextFieldType.swift in Sources */ = {isa = PBXBuildFile; fileRef = 68ACBEB72A5332A9006B5D7B /* CustomTextFieldType.swift */; };
		68ACBEBC2A534705006B5D7B /* Localizable.strings in Resources */ = {isa = PBXBuildFile; fileRef = 68ACBEBE2A534705006B5D7B /* Localizable.strings */; };
		68ACBEC12A5347C0006B5D7B /* Localizable.strings in Resources */ = {isa = PBXBuildFile; fileRef = 68ACBEC32A5347C0006B5D7B /* Localizable.strings */; };
		68ACBEC62A5348FB006B5D7B /* CustomTextFieldView.swift in Sources */ = {isa = PBXBuildFile; fileRef = 68ACBEC52A5348FB006B5D7B /* CustomTextFieldView.swift */; };
		68ACBEC92A5349F7006B5D7B /* View+fixedHeight.swift in Sources */ = {isa = PBXBuildFile; fileRef = 68ACBEC82A5349F7006B5D7B /* View+fixedHeight.swift */; };
		68ACBECB2A534A7C006B5D7B /* CustomTextFieldStyle.swift in Sources */ = {isa = PBXBuildFile; fileRef = 68ACBECA2A534A7C006B5D7B /* CustomTextFieldStyle.swift */; };
/* End PBXBuildFile section */

/* Begin PBXContainerItemProxy section */
		687330532A4F5CFD005283A0 /* PBXContainerItemProxy */ = {
			isa = PBXContainerItemProxy;
			containerPortal = 6873303A2A4F5CFC005283A0 /* Project object */;
			proxyType = 1;
			remoteGlobalIDString = 687330412A4F5CFC005283A0;
			remoteInfo = ITCnance;
		};
		6873305D2A4F5CFD005283A0 /* PBXContainerItemProxy */ = {
			isa = PBXContainerItemProxy;
			containerPortal = 6873303A2A4F5CFC005283A0 /* Project object */;
			proxyType = 1;
			remoteGlobalIDString = 687330412A4F5CFC005283A0;
			remoteInfo = ITCnance;
		};
/* End PBXContainerItemProxy section */

/* Begin PBXFileReference section */
		687330422A4F5CFC005283A0 /* ITCnance.app */ = {isa = PBXFileReference; explicitFileType = wrapper.application; includeInIndex = 0; path = ITCnance.app; sourceTree = BUILT_PRODUCTS_DIR; };
		687330452A4F5CFC005283A0 /* MainApp.swift */ = {isa = PBXFileReference; lastKnownFileType = sourcecode.swift; path = MainApp.swift; sourceTree = "<group>"; };
		687330472A4F5CFC005283A0 /* MainContentView.swift */ = {isa = PBXFileReference; lastKnownFileType = sourcecode.swift; path = MainContentView.swift; sourceTree = "<group>"; };
		687330492A4F5CFD005283A0 /* Assets.xcassets */ = {isa = PBXFileReference; lastKnownFileType = folder.assetcatalog; path = Assets.xcassets; sourceTree = "<group>"; };
		6873304C2A4F5CFD005283A0 /* Preview Assets.xcassets */ = {isa = PBXFileReference; lastKnownFileType = folder.assetcatalog; path = "Preview Assets.xcassets"; sourceTree = "<group>"; };
		687330522A4F5CFD005283A0 /* ITCnanceTests.xctest */ = {isa = PBXFileReference; explicitFileType = wrapper.cfbundle; includeInIndex = 0; path = ITCnanceTests.xctest; sourceTree = BUILT_PRODUCTS_DIR; };
		687330562A4F5CFD005283A0 /* ITCnanceTests.swift */ = {isa = PBXFileReference; lastKnownFileType = sourcecode.swift; path = ITCnanceTests.swift; sourceTree = "<group>"; };
		6873305C2A4F5CFD005283A0 /* ITCnanceUITests.xctest */ = {isa = PBXFileReference; explicitFileType = wrapper.cfbundle; includeInIndex = 0; path = ITCnanceUITests.xctest; sourceTree = BUILT_PRODUCTS_DIR; };
		687330602A4F5CFD005283A0 /* ITCnanceUITests.swift */ = {isa = PBXFileReference; lastKnownFileType = sourcecode.swift; path = ITCnanceUITests.swift; sourceTree = "<group>"; };
		687330622A4F5CFD005283A0 /* ITCnanceUITestsLaunchTests.swift */ = {isa = PBXFileReference; lastKnownFileType = sourcecode.swift; path = ITCnanceUITestsLaunchTests.swift; sourceTree = "<group>"; };
		687330722A4F61C7005283A0 /* LoginView.swift */ = {isa = PBXFileReference; lastKnownFileType = sourcecode.swift; path = LoginView.swift; sourceTree = "<group>"; };
		687330762A4F6299005283A0 /* LoginViewModel.swift */ = {isa = PBXFileReference; lastKnownFileType = sourcecode.swift; path = LoginViewModel.swift; sourceTree = "<group>"; };
		687330782A4F6436005283A0 /* Colors.xcassets */ = {isa = PBXFileReference; lastKnownFileType = folder.assetcatalog; path = Colors.xcassets; sourceTree = "<group>"; };
		68ACBEA62A52B714006B5D7B /* QuarterLogoView.swift */ = {isa = PBXFileReference; lastKnownFileType = sourcecode.swift; path = QuarterLogoView.swift; sourceTree = "<group>"; };
		68ACBEA82A52B8FF006B5D7B /* LogoView.swift */ = {isa = PBXFileReference; lastKnownFileType = sourcecode.swift; path = LogoView.swift; sourceTree = "<group>"; };
		68ACBEAB2A52D74B006B5D7B /* QuarterCircleShape.swift */ = {isa = PBXFileReference; lastKnownFileType = sourcecode.swift; path = QuarterCircleShape.swift; sourceTree = "<group>"; };
		68ACBEAD2A52D819006B5D7B /* TriangleShape.swift */ = {isa = PBXFileReference; lastKnownFileType = sourcecode.swift; path = TriangleShape.swift; sourceTree = "<group>"; };
		68ACBEAF2A52D83E006B5D7B /* VShape.swift */ = {isa = PBXFileReference; lastKnownFileType = sourcecode.swift; path = VShape.swift; sourceTree = "<group>"; };
		68ACBEB42A533228006B5D7B /* CustomButtonStyle.swift */ = {isa = PBXFileReference; lastKnownFileType = sourcecode.swift; path = CustomButtonStyle.swift; sourceTree = "<group>"; };
		68ACBEB72A5332A9006B5D7B /* CustomTextFieldType.swift */ = {isa = PBXFileReference; lastKnownFileType = sourcecode.swift; path = CustomTextFieldType.swift; sourceTree = "<group>"; };
		68ACBEBD2A534705006B5D7B /* en */ = {isa = PBXFileReference; lastKnownFileType = text.plist.strings; name = en; path = en.lproj/Localizable.strings; sourceTree = "<group>"; };
		68ACBEC22A5347C0006B5D7B /* pl */ = {isa = PBXFileReference; lastKnownFileType = text.plist.strings; name = pl; path = pl.lproj/Localizable.strings; sourceTree = "<group>"; };
		68ACBEC52A5348FB006B5D7B /* CustomTextFieldView.swift */ = {isa = PBXFileReference; lastKnownFileType = sourcecode.swift; path = CustomTextFieldView.swift; sourceTree = "<group>"; };
		68ACBEC82A5349F7006B5D7B /* View+fixedHeight.swift */ = {isa = PBXFileReference; lastKnownFileType = sourcecode.swift; path = "View+fixedHeight.swift"; sourceTree = "<group>"; };
		68ACBECA2A534A7C006B5D7B /* CustomTextFieldStyle.swift */ = {isa = PBXFileReference; lastKnownFileType = sourcecode.swift; path = CustomTextFieldStyle.swift; sourceTree = "<group>"; };
/* End PBXFileReference section */

/* Begin PBXFrameworksBuildPhase section */
		6873303F2A4F5CFC005283A0 /* Frameworks */ = {
			isa = PBXFrameworksBuildPhase;
			buildActionMask = 2147483647;
			files = (
			);
			runOnlyForDeploymentPostprocessing = 0;
		};
		6873304F2A4F5CFD005283A0 /* Frameworks */ = {
			isa = PBXFrameworksBuildPhase;
			buildActionMask = 2147483647;
			files = (
			);
			runOnlyForDeploymentPostprocessing = 0;
		};
		687330592A4F5CFD005283A0 /* Frameworks */ = {
			isa = PBXFrameworksBuildPhase;
			buildActionMask = 2147483647;
			files = (
			);
			runOnlyForDeploymentPostprocessing = 0;
		};
/* End PBXFrameworksBuildPhase section */

/* Begin PBXGroup section */
		687330392A4F5CFC005283A0 = {
			isa = PBXGroup;
			children = (
				687330442A4F5CFC005283A0 /* ITCnance */,
				687330552A4F5CFD005283A0 /* ITCnanceTests */,
				6873305F2A4F5CFD005283A0 /* ITCnanceUITests */,
				687330432A4F5CFC005283A0 /* Products */,
			);
			sourceTree = "<group>";
		};
		687330432A4F5CFC005283A0 /* Products */ = {
			isa = PBXGroup;
			children = (
				687330422A4F5CFC005283A0 /* ITCnance.app */,
				687330522A4F5CFD005283A0 /* ITCnanceTests.xctest */,
				6873305C2A4F5CFD005283A0 /* ITCnanceUITests.xctest */,
			);
			name = Products;
			sourceTree = "<group>";
		};
		687330442A4F5CFC005283A0 /* ITCnance */ = {
			isa = PBXGroup;
			children = (
				68ACBEC72A5349CD006B5D7B /* Extensions */,
				68ACBEB92A534632006B5D7B /* Resources */,
				68ACBEB62A533286006B5D7B /* Enum */,
				68ACBEB22A52D9E3006B5D7B /* UI */,
				6873306F2A4F5FFA005283A0 /* MainApp */,
				6873304B2A4F5CFD005283A0 /* Preview Content */,
			);
			path = ITCnance;
			sourceTree = "<group>";
		};
		6873304B2A4F5CFD005283A0 /* Preview Content */ = {
			isa = PBXGroup;
			children = (
				6873304C2A4F5CFD005283A0 /* Preview Assets.xcassets */,
			);
			path = "Preview Content";
			sourceTree = "<group>";
		};
		687330552A4F5CFD005283A0 /* ITCnanceTests */ = {
			isa = PBXGroup;
			children = (
				687330562A4F5CFD005283A0 /* ITCnanceTests.swift */,
			);
			path = ITCnanceTests;
			sourceTree = "<group>";
		};
		6873305F2A4F5CFD005283A0 /* ITCnanceUITests */ = {
			isa = PBXGroup;
			children = (
				687330602A4F5CFD005283A0 /* ITCnanceUITests.swift */,
				687330622A4F5CFD005283A0 /* ITCnanceUITestsLaunchTests.swift */,
			);
			path = ITCnanceUITests;
			sourceTree = "<group>";
		};
		6873306F2A4F5FFA005283A0 /* MainApp */ = {
			isa = PBXGroup;
			children = (
				687330452A4F5CFC005283A0 /* MainApp.swift */,
				687330472A4F5CFC005283A0 /* MainContentView.swift */,
			);
			path = MainApp;
			sourceTree = "<group>";
		};
		687330702A4F6182005283A0 /* Views */ = {
			isa = PBXGroup;
			children = (
				68ACBEA52A52B62E006B5D7B /* Logo */,
				687330712A4F6188005283A0 /* Login */,
			);
			path = Views;
			sourceTree = "<group>";
		};
		687330712A4F6188005283A0 /* Login */ = {
			isa = PBXGroup;
			children = (
				687330722A4F61C7005283A0 /* LoginView.swift */,
				687330762A4F6299005283A0 /* LoginViewModel.swift */,
			);
			path = Login;
			sourceTree = "<group>";
		};
		68ACBEA52A52B62E006B5D7B /* Logo */ = {
			isa = PBXGroup;
			children = (
				68ACBEB12A52D892006B5D7B /* QuarterLogoView */,
				68ACBEA82A52B8FF006B5D7B /* LogoView.swift */,
			);
			path = Logo;
			sourceTree = "<group>";
		};
		68ACBEAA2A52D717006B5D7B /* Shapes */ = {
			isa = PBXGroup;
			children = (
				68ACBEAB2A52D74B006B5D7B /* QuarterCircleShape.swift */,
				68ACBEAD2A52D819006B5D7B /* TriangleShape.swift */,
				68ACBEAF2A52D83E006B5D7B /* VShape.swift */,
			);
			path = Shapes;
			sourceTree = "<group>";
		};
		68ACBEB12A52D892006B5D7B /* QuarterLogoView */ = {
			isa = PBXGroup;
			children = (
				68ACBEA62A52B714006B5D7B /* QuarterLogoView.swift */,
				68ACBEAA2A52D717006B5D7B /* Shapes */,
			);
			path = QuarterLogoView;
			sourceTree = "<group>";
		};
		68ACBEB22A52D9E3006B5D7B /* UI */ = {
			isa = PBXGroup;
			children = (
				68ACBEC42A5348E4006B5D7B /* General */,
				68ACBEB32A52D9EA006B5D7B /* Styles */,
				687330702A4F6182005283A0 /* Views */,
			);
			path = UI;
			sourceTree = "<group>";
		};
		68ACBEB32A52D9EA006B5D7B /* Styles */ = {
			isa = PBXGroup;
			children = (
				68ACBEB42A533228006B5D7B /* CustomButtonStyle.swift */,
				68ACBECA2A534A7C006B5D7B /* CustomTextFieldStyle.swift */,
			);
			path = Styles;
			sourceTree = "<group>";
		};
		68ACBEB62A533286006B5D7B /* Enum */ = {
			isa = PBXGroup;
			children = (
				68ACBEB72A5332A9006B5D7B /* CustomTextFieldType.swift */,
			);
			path = Enum;
			sourceTree = "<group>";
		};
		68ACBEB92A534632006B5D7B /* Resources */ = {
			isa = PBXGroup;
			children = (
				687330782A4F6436005283A0 /* Colors.xcassets */,
				687330492A4F5CFD005283A0 /* Assets.xcassets */,
				68ACBEBE2A534705006B5D7B /* Localizable.strings */,
				68ACBEC32A5347C0006B5D7B /* Localizable.strings */,
			);
			path = Resources;
			sourceTree = "<group>";
		};
		68ACBEC42A5348E4006B5D7B /* General */ = {
			isa = PBXGroup;
			children = (
				68ACBEC52A5348FB006B5D7B /* CustomTextFieldView.swift */,
			);
			path = General;
			sourceTree = "<group>";
		};
		68ACBEC72A5349CD006B5D7B /* Extensions */ = {
			isa = PBXGroup;
			children = (
				68ACBEC82A5349F7006B5D7B /* View+fixedHeight.swift */,
			);
			path = Extensions;
			sourceTree = "<group>";
		};
/* End PBXGroup section */

/* Begin PBXNativeTarget section */
		687330412A4F5CFC005283A0 /* ITCnance */ = {
			isa = PBXNativeTarget;
			buildConfigurationList = 687330662A4F5CFD005283A0 /* Build configuration list for PBXNativeTarget "ITCnance" */;
			buildPhases = (
				6873303E2A4F5CFC005283A0 /* Sources */,
				6873303F2A4F5CFC005283A0 /* Frameworks */,
				687330402A4F5CFC005283A0 /* Resources */,
			);
			buildRules = (
			);
			dependencies = (
			);
			name = ITCnance;
			productName = ITCnance;
			productReference = 687330422A4F5CFC005283A0 /* ITCnance.app */;
			productType = "com.apple.product-type.application";
		};
		687330512A4F5CFD005283A0 /* ITCnanceTests */ = {
			isa = PBXNativeTarget;
			buildConfigurationList = 687330692A4F5CFD005283A0 /* Build configuration list for PBXNativeTarget "ITCnanceTests" */;
			buildPhases = (
				6873304E2A4F5CFD005283A0 /* Sources */,
				6873304F2A4F5CFD005283A0 /* Frameworks */,
				687330502A4F5CFD005283A0 /* Resources */,
			);
			buildRules = (
			);
			dependencies = (
				687330542A4F5CFD005283A0 /* PBXTargetDependency */,
			);
			name = ITCnanceTests;
			productName = ITCnanceTests;
			productReference = 687330522A4F5CFD005283A0 /* ITCnanceTests.xctest */;
			productType = "com.apple.product-type.bundle.unit-test";
		};
		6873305B2A4F5CFD005283A0 /* ITCnanceUITests */ = {
			isa = PBXNativeTarget;
			buildConfigurationList = 6873306C2A4F5CFD005283A0 /* Build configuration list for PBXNativeTarget "ITCnanceUITests" */;
			buildPhases = (
				687330582A4F5CFD005283A0 /* Sources */,
				687330592A4F5CFD005283A0 /* Frameworks */,
				6873305A2A4F5CFD005283A0 /* Resources */,
			);
			buildRules = (
			);
			dependencies = (
				6873305E2A4F5CFD005283A0 /* PBXTargetDependency */,
			);
			name = ITCnanceUITests;
			productName = ITCnanceUITests;
			productReference = 6873305C2A4F5CFD005283A0 /* ITCnanceUITests.xctest */;
			productType = "com.apple.product-type.bundle.ui-testing";
		};
/* End PBXNativeTarget section */

/* Begin PBXProject section */
		6873303A2A4F5CFC005283A0 /* Project object */ = {
			isa = PBXProject;
			attributes = {
				BuildIndependentTargetsInParallel = 1;
				LastSwiftUpdateCheck = 1430;
				LastUpgradeCheck = 1430;
				TargetAttributes = {
					687330412A4F5CFC005283A0 = {
						CreatedOnToolsVersion = 14.3;
					};
					687330512A4F5CFD005283A0 = {
						CreatedOnToolsVersion = 14.3;
						TestTargetID = 687330412A4F5CFC005283A0;
					};
					6873305B2A4F5CFD005283A0 = {
						CreatedOnToolsVersion = 14.3;
						TestTargetID = 687330412A4F5CFC005283A0;
					};
				};
			};
			buildConfigurationList = 6873303D2A4F5CFC005283A0 /* Build configuration list for PBXProject "ITCnance" */;
			compatibilityVersion = "Xcode 14.0";
			developmentRegion = en;
			hasScannedForEncodings = 0;
			knownRegions = (
				en,
				Base,
				pl,
			);
			mainGroup = 687330392A4F5CFC005283A0;
			productRefGroup = 687330432A4F5CFC005283A0 /* Products */;
			projectDirPath = "";
			projectRoot = "";
			targets = (
				687330412A4F5CFC005283A0 /* ITCnance */,
				687330512A4F5CFD005283A0 /* ITCnanceTests */,
				6873305B2A4F5CFD005283A0 /* ITCnanceUITests */,
			);
		};
/* End PBXProject section */

/* Begin PBXResourcesBuildPhase section */
		687330402A4F5CFC005283A0 /* Resources */ = {
			isa = PBXResourcesBuildPhase;
			buildActionMask = 2147483647;
			files = (
				68ACBEC12A5347C0006B5D7B /* Localizable.strings in Resources */,
				687330792A4F6436005283A0 /* Colors.xcassets in Resources */,
				68ACBEBC2A534705006B5D7B /* Localizable.strings in Resources */,
				6873304D2A4F5CFD005283A0 /* Preview Assets.xcassets in Resources */,
				6873304A2A4F5CFD005283A0 /* Assets.xcassets in Resources */,
			);
			runOnlyForDeploymentPostprocessing = 0;
		};
		687330502A4F5CFD005283A0 /* Resources */ = {
			isa = PBXResourcesBuildPhase;
			buildActionMask = 2147483647;
			files = (
			);
			runOnlyForDeploymentPostprocessing = 0;
		};
		6873305A2A4F5CFD005283A0 /* Resources */ = {
			isa = PBXResourcesBuildPhase;
			buildActionMask = 2147483647;
			files = (
			);
			runOnlyForDeploymentPostprocessing = 0;
		};
/* End PBXResourcesBuildPhase section */

/* Begin PBXSourcesBuildPhase section */
		6873303E2A4F5CFC005283A0 /* Sources */ = {
			isa = PBXSourcesBuildPhase;
			buildActionMask = 2147483647;
			files = (
				68ACBEB02A52D83E006B5D7B /* VShape.swift in Sources */,
				687330772A4F6299005283A0 /* LoginViewModel.swift in Sources */,
				68ACBEB52A533228006B5D7B /* CustomButtonStyle.swift in Sources */,
				68ACBEA92A52B8FF006B5D7B /* LogoView.swift in Sources */,
				687330732A4F61C7005283A0 /* LoginView.swift in Sources */,
				68ACBEA72A52B714006B5D7B /* QuarterLogoView.swift in Sources */,
				68ACBEAC2A52D74B006B5D7B /* QuarterCircleShape.swift in Sources */,
				68ACBEC92A5349F7006B5D7B /* View+fixedHeight.swift in Sources */,
				68ACBEAE2A52D819006B5D7B /* TriangleShape.swift in Sources */,
				687330482A4F5CFC005283A0 /* MainContentView.swift in Sources */,
				68ACBEB82A5332A9006B5D7B /* CustomTextFieldType.swift in Sources */,
				687330462A4F5CFC005283A0 /* MainApp.swift in Sources */,
				68ACBECB2A534A7C006B5D7B /* CustomTextFieldStyle.swift in Sources */,
				68ACBEC62A5348FB006B5D7B /* CustomTextFieldView.swift in Sources */,
			);
			runOnlyForDeploymentPostprocessing = 0;
		};
		6873304E2A4F5CFD005283A0 /* Sources */ = {
			isa = PBXSourcesBuildPhase;
			buildActionMask = 2147483647;
			files = (
				687330572A4F5CFD005283A0 /* ITCnanceTests.swift in Sources */,
			);
			runOnlyForDeploymentPostprocessing = 0;
		};
		687330582A4F5CFD005283A0 /* Sources */ = {
			isa = PBXSourcesBuildPhase;
			buildActionMask = 2147483647;
			files = (
				687330632A4F5CFD005283A0 /* ITCnanceUITestsLaunchTests.swift in Sources */,
				687330612A4F5CFD005283A0 /* ITCnanceUITests.swift in Sources */,
			);
			runOnlyForDeploymentPostprocessing = 0;
		};
/* End PBXSourcesBuildPhase section */

/* Begin PBXTargetDependency section */
		687330542A4F5CFD005283A0 /* PBXTargetDependency */ = {
			isa = PBXTargetDependency;
			target = 687330412A4F5CFC005283A0 /* ITCnance */;
			targetProxy = 687330532A4F5CFD005283A0 /* PBXContainerItemProxy */;
		};
		6873305E2A4F5CFD005283A0 /* PBXTargetDependency */ = {
			isa = PBXTargetDependency;
			target = 687330412A4F5CFC005283A0 /* ITCnance */;
			targetProxy = 6873305D2A4F5CFD005283A0 /* PBXContainerItemProxy */;
		};
/* End PBXTargetDependency section */

/* Begin PBXVariantGroup section */
		68ACBEBE2A534705006B5D7B /* Localizable.strings */ = {
			isa = PBXVariantGroup;
			children = (
				68ACBEBD2A534705006B5D7B /* en */,
			);
			name = Localizable.strings;
			sourceTree = "<group>";
		};
		68ACBEC32A5347C0006B5D7B /* Localizable.strings */ = {
			isa = PBXVariantGroup;
			children = (
				68ACBEC22A5347C0006B5D7B /* pl */,
			);
			name = Localizable.strings;
			sourceTree = "<group>";
		};
/* End PBXVariantGroup section */

/* Begin XCBuildConfiguration section */
		687330642A4F5CFD005283A0 /* Debug */ = {
			isa = XCBuildConfiguration;
			buildSettings = {
				ALWAYS_SEARCH_USER_PATHS = NO;
				CLANG_ANALYZER_NONNULL = YES;
				CLANG_ANALYZER_NUMBER_OBJECT_CONVERSION = YES_AGGRESSIVE;
				CLANG_CXX_LANGUAGE_STANDARD = "gnu++20";
				CLANG_ENABLE_MODULES = YES;
				CLANG_ENABLE_OBJC_ARC = YES;
				CLANG_ENABLE_OBJC_WEAK = YES;
				CLANG_WARN_BLOCK_CAPTURE_AUTORELEASING = YES;
				CLANG_WARN_BOOL_CONVERSION = YES;
				CLANG_WARN_COMMA = YES;
				CLANG_WARN_CONSTANT_CONVERSION = YES;
				CLANG_WARN_DEPRECATED_OBJC_IMPLEMENTATIONS = YES;
				CLANG_WARN_DIRECT_OBJC_ISA_USAGE = YES_ERROR;
				CLANG_WARN_DOCUMENTATION_COMMENTS = YES;
				CLANG_WARN_EMPTY_BODY = YES;
				CLANG_WARN_ENUM_CONVERSION = YES;
				CLANG_WARN_INFINITE_RECURSION = YES;
				CLANG_WARN_INT_CONVERSION = YES;
				CLANG_WARN_NON_LITERAL_NULL_CONVERSION = YES;
				CLANG_WARN_OBJC_IMPLICIT_RETAIN_SELF = YES;
				CLANG_WARN_OBJC_LITERAL_CONVERSION = YES;
				CLANG_WARN_OBJC_ROOT_CLASS = YES_ERROR;
				CLANG_WARN_QUOTED_INCLUDE_IN_FRAMEWORK_HEADER = YES;
				CLANG_WARN_RANGE_LOOP_ANALYSIS = YES;
				CLANG_WARN_STRICT_PROTOTYPES = YES;
				CLANG_WARN_SUSPICIOUS_MOVE = YES;
				CLANG_WARN_UNGUARDED_AVAILABILITY = YES_AGGRESSIVE;
				CLANG_WARN_UNREACHABLE_CODE = YES;
				CLANG_WARN__DUPLICATE_METHOD_MATCH = YES;
				COPY_PHASE_STRIP = NO;
				DEBUG_INFORMATION_FORMAT = dwarf;
				ENABLE_STRICT_OBJC_MSGSEND = YES;
				ENABLE_TESTABILITY = YES;
				GCC_C_LANGUAGE_STANDARD = gnu11;
				GCC_DYNAMIC_NO_PIC = NO;
				GCC_NO_COMMON_BLOCKS = YES;
				GCC_OPTIMIZATION_LEVEL = 0;
				GCC_PREPROCESSOR_DEFINITIONS = (
					"DEBUG=1",
					"$(inherited)",
				);
				GCC_WARN_64_TO_32_BIT_CONVERSION = YES;
				GCC_WARN_ABOUT_RETURN_TYPE = YES_ERROR;
				GCC_WARN_UNDECLARED_SELECTOR = YES;
				GCC_WARN_UNINITIALIZED_AUTOS = YES_AGGRESSIVE;
				GCC_WARN_UNUSED_FUNCTION = YES;
				GCC_WARN_UNUSED_VARIABLE = YES;
				IPHONEOS_DEPLOYMENT_TARGET = 16.4;
				MTL_ENABLE_DEBUG_INFO = INCLUDE_SOURCE;
				MTL_FAST_MATH = YES;
				ONLY_ACTIVE_ARCH = YES;
				SDKROOT = iphoneos;
				SWIFT_ACTIVE_COMPILATION_CONDITIONS = DEBUG;
				SWIFT_OPTIMIZATION_LEVEL = "-Onone";
			};
			name = Debug;
		};
		687330652A4F5CFD005283A0 /* Release */ = {
			isa = XCBuildConfiguration;
			buildSettings = {
				ALWAYS_SEARCH_USER_PATHS = NO;
				CLANG_ANALYZER_NONNULL = YES;
				CLANG_ANALYZER_NUMBER_OBJECT_CONVERSION = YES_AGGRESSIVE;
				CLANG_CXX_LANGUAGE_STANDARD = "gnu++20";
				CLANG_ENABLE_MODULES = YES;
				CLANG_ENABLE_OBJC_ARC = YES;
				CLANG_ENABLE_OBJC_WEAK = YES;
				CLANG_WARN_BLOCK_CAPTURE_AUTORELEASING = YES;
				CLANG_WARN_BOOL_CONVERSION = YES;
				CLANG_WARN_COMMA = YES;
				CLANG_WARN_CONSTANT_CONVERSION = YES;
				CLANG_WARN_DEPRECATED_OBJC_IMPLEMENTATIONS = YES;
				CLANG_WARN_DIRECT_OBJC_ISA_USAGE = YES_ERROR;
				CLANG_WARN_DOCUMENTATION_COMMENTS = YES;
				CLANG_WARN_EMPTY_BODY = YES;
				CLANG_WARN_ENUM_CONVERSION = YES;
				CLANG_WARN_INFINITE_RECURSION = YES;
				CLANG_WARN_INT_CONVERSION = YES;
				CLANG_WARN_NON_LITERAL_NULL_CONVERSION = YES;
				CLANG_WARN_OBJC_IMPLICIT_RETAIN_SELF = YES;
				CLANG_WARN_OBJC_LITERAL_CONVERSION = YES;
				CLANG_WARN_OBJC_ROOT_CLASS = YES_ERROR;
				CLANG_WARN_QUOTED_INCLUDE_IN_FRAMEWORK_HEADER = YES;
				CLANG_WARN_RANGE_LOOP_ANALYSIS = YES;
				CLANG_WARN_STRICT_PROTOTYPES = YES;
				CLANG_WARN_SUSPICIOUS_MOVE = YES;
				CLANG_WARN_UNGUARDED_AVAILABILITY = YES_AGGRESSIVE;
				CLANG_WARN_UNREACHABLE_CODE = YES;
				CLANG_WARN__DUPLICATE_METHOD_MATCH = YES;
				COPY_PHASE_STRIP = NO;
				DEBUG_INFORMATION_FORMAT = "dwarf-with-dsym";
				ENABLE_NS_ASSERTIONS = NO;
				ENABLE_STRICT_OBJC_MSGSEND = YES;
				GCC_C_LANGUAGE_STANDARD = gnu11;
				GCC_NO_COMMON_BLOCKS = YES;
				GCC_WARN_64_TO_32_BIT_CONVERSION = YES;
				GCC_WARN_ABOUT_RETURN_TYPE = YES_ERROR;
				GCC_WARN_UNDECLARED_SELECTOR = YES;
				GCC_WARN_UNINITIALIZED_AUTOS = YES_AGGRESSIVE;
				GCC_WARN_UNUSED_FUNCTION = YES;
				GCC_WARN_UNUSED_VARIABLE = YES;
				IPHONEOS_DEPLOYMENT_TARGET = 16.4;
				MTL_ENABLE_DEBUG_INFO = NO;
				MTL_FAST_MATH = YES;
				SDKROOT = iphoneos;
				SWIFT_COMPILATION_MODE = wholemodule;
				SWIFT_OPTIMIZATION_LEVEL = "-O";
				VALIDATE_PRODUCT = YES;
			};
			name = Release;
		};
		687330672A4F5CFD005283A0 /* Debug */ = {
			isa = XCBuildConfiguration;
			buildSettings = {
				ASSETCATALOG_COMPILER_APPICON_NAME = AppIcon;
				ASSETCATALOG_COMPILER_GLOBAL_ACCENT_COLOR_NAME = AccentColor;
				CODE_SIGN_STYLE = Automatic;
				CURRENT_PROJECT_VERSION = 1;
				DEVELOPMENT_ASSET_PATHS = "\"ITCnance/Preview Content\"";
				DEVELOPMENT_TEAM = 7L3U8V3WMY;
				ENABLE_PREVIEWS = YES;
				GENERATE_INFOPLIST_FILE = YES;
				INFOPLIST_KEY_UIApplicationSceneManifest_Generation = YES;
				INFOPLIST_KEY_UIApplicationSupportsIndirectInputEvents = YES;
				INFOPLIST_KEY_UILaunchScreen_Generation = YES;
				INFOPLIST_KEY_UISupportedInterfaceOrientations_iPad = "UIInterfaceOrientationPortrait UIInterfaceOrientationPortraitUpsideDown UIInterfaceOrientationLandscapeLeft UIInterfaceOrientationLandscapeRight";
				INFOPLIST_KEY_UISupportedInterfaceOrientations_iPhone = "UIInterfaceOrientationPortrait UIInterfaceOrientationLandscapeLeft UIInterfaceOrientationLandscapeRight";
				LD_RUNPATH_SEARCH_PATHS = (
					"$(inherited)",
					"@executable_path/Frameworks",
				);
				MARKETING_VERSION = 1.0;
				PRODUCT_BUNDLE_IDENTIFIER = com.ictnance.gmb.ITCnance;
				PRODUCT_NAME = "$(TARGET_NAME)";
				SWIFT_EMIT_LOC_STRINGS = YES;
				SWIFT_VERSION = 5.0;
				TARGETED_DEVICE_FAMILY = "1,2";
			};
			name = Debug;
		};
		687330682A4F5CFD005283A0 /* Release */ = {
			isa = XCBuildConfiguration;
			buildSettings = {
				ASSETCATALOG_COMPILER_APPICON_NAME = AppIcon;
				ASSETCATALOG_COMPILER_GLOBAL_ACCENT_COLOR_NAME = AccentColor;
				CODE_SIGN_STYLE = Automatic;
				CURRENT_PROJECT_VERSION = 1;
				DEVELOPMENT_ASSET_PATHS = "\"ITCnance/Preview Content\"";
				DEVELOPMENT_TEAM = 9J9G82D337;
				ENABLE_PREVIEWS = YES;
				GENERATE_INFOPLIST_FILE = YES;
				INFOPLIST_KEY_UIApplicationSceneManifest_Generation = YES;
				INFOPLIST_KEY_UIApplicationSupportsIndirectInputEvents = YES;
				INFOPLIST_KEY_UILaunchScreen_Generation = YES;
				INFOPLIST_KEY_UISupportedInterfaceOrientations_iPad = "UIInterfaceOrientationPortrait UIInterfaceOrientationPortraitUpsideDown UIInterfaceOrientationLandscapeLeft UIInterfaceOrientationLandscapeRight";
				INFOPLIST_KEY_UISupportedInterfaceOrientations_iPhone = "UIInterfaceOrientationPortrait UIInterfaceOrientationLandscapeLeft UIInterfaceOrientationLandscapeRight";
				LD_RUNPATH_SEARCH_PATHS = (
					"$(inherited)",
					"@executable_path/Frameworks",
				);
				MARKETING_VERSION = 1.0;
				PRODUCT_BUNDLE_IDENTIFIER = com.ictnance.gmb.ITCnance;
				PRODUCT_NAME = "$(TARGET_NAME)";
				SWIFT_EMIT_LOC_STRINGS = YES;
				SWIFT_VERSION = 5.0;
				TARGETED_DEVICE_FAMILY = "1,2";
			};
			name = Release;
		};
		6873306A2A4F5CFD005283A0 /* Debug */ = {
			isa = XCBuildConfiguration;
			buildSettings = {
				ALWAYS_EMBED_SWIFT_STANDARD_LIBRARIES = YES;
				BUNDLE_LOADER = "$(TEST_HOST)";
				CODE_SIGN_STYLE = Automatic;
				CURRENT_PROJECT_VERSION = 1;
				DEVELOPMENT_TEAM = 9J9G82D337;
				GENERATE_INFOPLIST_FILE = YES;
				IPHONEOS_DEPLOYMENT_TARGET = 16.4;
				MARKETING_VERSION = 1.0;
				PRODUCT_BUNDLE_IDENTIFIER = com.ictnance.gmb.ITCnanceTests;
				PRODUCT_NAME = "$(TARGET_NAME)";
				SWIFT_EMIT_LOC_STRINGS = NO;
				SWIFT_VERSION = 5.0;
				TARGETED_DEVICE_FAMILY = "1,2";
				TEST_HOST = "$(BUILT_PRODUCTS_DIR)/ITCnance.app/$(BUNDLE_EXECUTABLE_FOLDER_PATH)/ITCnance";
			};
			name = Debug;
		};
		6873306B2A4F5CFD005283A0 /* Release */ = {
			isa = XCBuildConfiguration;
			buildSettings = {
				ALWAYS_EMBED_SWIFT_STANDARD_LIBRARIES = YES;
				BUNDLE_LOADER = "$(TEST_HOST)";
				CODE_SIGN_STYLE = Automatic;
				CURRENT_PROJECT_VERSION = 1;
				DEVELOPMENT_TEAM = 9J9G82D337;
				GENERATE_INFOPLIST_FILE = YES;
				IPHONEOS_DEPLOYMENT_TARGET = 16.4;
				MARKETING_VERSION = 1.0;
				PRODUCT_BUNDLE_IDENTIFIER = com.ictnance.gmb.ITCnanceTests;
				PRODUCT_NAME = "$(TARGET_NAME)";
				SWIFT_EMIT_LOC_STRINGS = NO;
				SWIFT_VERSION = 5.0;
				TARGETED_DEVICE_FAMILY = "1,2";
				TEST_HOST = "$(BUILT_PRODUCTS_DIR)/ITCnance.app/$(BUNDLE_EXECUTABLE_FOLDER_PATH)/ITCnance";
			};
			name = Release;
		};
		6873306D2A4F5CFD005283A0 /* Debug */ = {
			isa = XCBuildConfiguration;
			buildSettings = {
				ALWAYS_EMBED_SWIFT_STANDARD_LIBRARIES = YES;
				CODE_SIGN_STYLE = Automatic;
				CURRENT_PROJECT_VERSION = 1;
				DEVELOPMENT_TEAM = 9J9G82D337;
				GENERATE_INFOPLIST_FILE = YES;
				MARKETING_VERSION = 1.0;
				PRODUCT_BUNDLE_IDENTIFIER = com.ictnance.gmb.ITCnanceUITests;
				PRODUCT_NAME = "$(TARGET_NAME)";
				SWIFT_EMIT_LOC_STRINGS = NO;
				SWIFT_VERSION = 5.0;
				TARGETED_DEVICE_FAMILY = "1,2";
				TEST_TARGET_NAME = ITCnance;
			};
			name = Debug;
		};
		6873306E2A4F5CFD005283A0 /* Release */ = {
			isa = XCBuildConfiguration;
			buildSettings = {
				ALWAYS_EMBED_SWIFT_STANDARD_LIBRARIES = YES;
				CODE_SIGN_STYLE = Automatic;
				CURRENT_PROJECT_VERSION = 1;
				DEVELOPMENT_TEAM = 9J9G82D337;
				GENERATE_INFOPLIST_FILE = YES;
				MARKETING_VERSION = 1.0;
				PRODUCT_BUNDLE_IDENTIFIER = com.ictnance.gmb.ITCnanceUITests;
				PRODUCT_NAME = "$(TARGET_NAME)";
				SWIFT_EMIT_LOC_STRINGS = NO;
				SWIFT_VERSION = 5.0;
				TARGETED_DEVICE_FAMILY = "1,2";
				TEST_TARGET_NAME = ITCnance;
			};
			name = Release;
		};
/* End XCBuildConfiguration section */

/* Begin XCConfigurationList section */
		6873303D2A4F5CFC005283A0 /* Build configuration list for PBXProject "ITCnance" */ = {
			isa = XCConfigurationList;
			buildConfigurations = (
				687330642A4F5CFD005283A0 /* Debug */,
				687330652A4F5CFD005283A0 /* Release */,
			);
			defaultConfigurationIsVisible = 0;
			defaultConfigurationName = Release;
		};
		687330662A4F5CFD005283A0 /* Build configuration list for PBXNativeTarget "ITCnance" */ = {
			isa = XCConfigurationList;
			buildConfigurations = (
				687330672A4F5CFD005283A0 /* Debug */,
				687330682A4F5CFD005283A0 /* Release */,
			);
			defaultConfigurationIsVisible = 0;
			defaultConfigurationName = Release;
		};
		687330692A4F5CFD005283A0 /* Build configuration list for PBXNativeTarget "ITCnanceTests" */ = {
			isa = XCConfigurationList;
			buildConfigurations = (
				6873306A2A4F5CFD005283A0 /* Debug */,
				6873306B2A4F5CFD005283A0 /* Release */,
			);
			defaultConfigurationIsVisible = 0;
			defaultConfigurationName = Release;
		};
		6873306C2A4F5CFD005283A0 /* Build configuration list for PBXNativeTarget "ITCnanceUITests" */ = {
			isa = XCConfigurationList;
			buildConfigurations = (
				6873306D2A4F5CFD005283A0 /* Debug */,
				6873306E2A4F5CFD005283A0 /* Release */,
			);
			defaultConfigurationIsVisible = 0;
			defaultConfigurationName = Release;
		};
/* End XCConfigurationList section */
	};
	rootObject = 6873303A2A4F5CFC005283A0 /* Project object */;
}
